// !$*UTF8*$!
{
	archiveVersion = 1;
	classes = {
	};
	objectVersion = 46;
	objects = {

/* Begin PBXBuildFile section */
		D0518DFF9F527EC9A5DCE70C /* libPods-NoteRecordUITests.a in Frameworks */ = {isa = PBXBuildFile; fileRef = 04A34579C37EA9C77E52B1E5 /* libPods-NoteRecordUITests.a */; };
		D1E603993703CBD58E90B4B4 /* libPods-NoteRecordTests.a in Frameworks */ = {isa = PBXBuildFile; fileRef = AF4D6DC9B3B72C5B0B62FDC2 /* libPods-NoteRecordTests.a */; };
		D540DEEA35206D52D252F5BA /* libPods-NoteRecord.a in Frameworks */ = {isa = PBXBuildFile; fileRef = 54F42CD5C7B0A97AB558A3D1 /* libPods-NoteRecord.a */; };
		DA0F62E41CC23476002D29BC /* blank.png in Resources */ = {isa = PBXBuildFile; fileRef = DA0F62E31CC23476002D29BC /* blank.png */; };
		DA8188601CBF6FAF00A4D94E /* launchbg.jpeg in Resources */ = {isa = PBXBuildFile; fileRef = DA81885F1CBF6FAF00A4D94E /* launchbg.jpeg */; };
		DA8188621CBF705C00A4D94E /* bgbg.jpeg in Resources */ = {isa = PBXBuildFile; fileRef = DA8188611CBF705C00A4D94E /* bgbg.jpeg */; };
		DA8188651CBF70B800A4D94E /* LZLabel.m in Sources */ = {isa = PBXBuildFile; fileRef = DA8188641CBF70B800A4D94E /* LZLabel.m */; };
		DA81886A1CBF818C00A4D94E /* RecordViewController.m in Sources */ = {isa = PBXBuildFile; fileRef = DA8188691CBF818C00A4D94E /* RecordViewController.m */; };
		DA81886F1CBF8A1200A4D94E /* TextViewCell.m in Sources */ = {isa = PBXBuildFile; fileRef = DA81886E1CBF8A1200A4D94E /* TextViewCell.m */; };
		DA8188731CBF9BC500A4D94E /* arrow1_w.png in Resources */ = {isa = PBXBuildFile; fileRef = DA8188721CBF9BC500A4D94E /* arrow1_w.png */; };
		DA8188771CBFA05100A4D94E /* back.png in Resources */ = {isa = PBXBuildFile; fileRef = DA8188741CBFA05100A4D94E /* back.png */; };
		DA8188781CBFA05100A4D94E /* back@2x.png in Resources */ = {isa = PBXBuildFile; fileRef = DA8188751CBFA05100A4D94E /* back@2x.png */; };
		DA8188791CBFA05100A4D94E /* back@3x.png in Resources */ = {isa = PBXBuildFile; fileRef = DA8188761CBFA05100A4D94E /* back@3x.png */; };
		DA81887B1CBFA47500A4D94E /* 返回.png in Resources */ = {isa = PBXBuildFile; fileRef = DA81887A1CBFA47500A4D94E /* 返回.png */; };
		DA81887D1CC1D70700A4D94E /* position.png in Resources */ = {isa = PBXBuildFile; fileRef = DA81887C1CC1D70700A4D94E /* position.png */; };
		DA81887F1CC1D70E00A4D94E /* location.png in Resources */ = {isa = PBXBuildFile; fileRef = DA81887E1CC1D70E00A4D94E /* location.png */; };
		DA8188851CC1DA9600A4D94E /* weather.png in Resources */ = {isa = PBXBuildFile; fileRef = DA8188841CC1DA9600A4D94E /* weather.png */; };
		DA81888C1CC1E83100A4D94E /* CustomCell.m in Sources */ = {isa = PBXBuildFile; fileRef = DA81888B1CC1E83100A4D94E /* CustomCell.m */; };
		DA81888F1CC22B3B00A4D94E /* PersonalRecordVC.m in Sources */ = {isa = PBXBuildFile; fileRef = DA81888E1CC22B3B00A4D94E /* PersonalRecordVC.m */; };
		DA83EF131CC485B8006ACD98 /* icon.png in Resources */ = {isa = PBXBuildFile; fileRef = DA83EF121CC485B8006ACD98 /* icon.png */; };
		DA83EF151CC48698006ACD98 /* whiteReturn.png in Resources */ = {isa = PBXBuildFile; fileRef = DA83EF141CC48698006ACD98 /* whiteReturn.png */; };
		DA83EF191CC49280006ACD98 /* SDWeiXinPhotoContainerView.m in Sources */ = {isa = PBXBuildFile; fileRef = DA83EF181CC49280006ACD98 /* SDWeiXinPhotoContainerView.m */; };
		DA83EF1C1CC4929F006ACD98 /* RecordCell.m in Sources */ = {isa = PBXBuildFile; fileRef = DA83EF1B1CC4929F006ACD98 /* RecordCell.m */; };
		DA83EF251CC498DF006ACD98 /* SDBrowserImageView.m in Sources */ = {isa = PBXBuildFile; fileRef = DA83EF1F1CC498DF006ACD98 /* SDBrowserImageView.m */; };
		DA83EF261CC498DF006ACD98 /* SDPhotoBrowser.m in Sources */ = {isa = PBXBuildFile; fileRef = DA83EF211CC498DF006ACD98 /* SDPhotoBrowser.m */; };
		DA83EF271CC498DF006ACD98 /* SDWaitingView.m in Sources */ = {isa = PBXBuildFile; fileRef = DA83EF241CC498DF006ACD98 /* SDWaitingView.m */; };
		DA83EF4A1CC499A0006ACD98 /* MKAnnotationView+WebCache.m in Sources */ = {isa = PBXBuildFile; fileRef = DA83EF2A1CC499A0006ACD98 /* MKAnnotationView+WebCache.m */; };
		DA83EF4B1CC499A0006ACD98 /* NSData+ImageContentType.m in Sources */ = {isa = PBXBuildFile; fileRef = DA83EF2C1CC499A0006ACD98 /* NSData+ImageContentType.m */; };
		DA83EF4C1CC499A0006ACD98 /* SDImageCache.m in Sources */ = {isa = PBXBuildFile; fileRef = DA83EF2E1CC499A0006ACD98 /* SDImageCache.m */; };
		DA83EF4D1CC499A0006ACD98 /* SDWebImageCompat.m in Sources */ = {isa = PBXBuildFile; fileRef = DA83EF301CC499A0006ACD98 /* SDWebImageCompat.m */; };
		DA83EF4E1CC499A0006ACD98 /* SDWebImageDecoder.m in Sources */ = {isa = PBXBuildFile; fileRef = DA83EF321CC499A0006ACD98 /* SDWebImageDecoder.m */; };
		DA83EF4F1CC499A0006ACD98 /* SDWebImageDownloader.m in Sources */ = {isa = PBXBuildFile; fileRef = DA83EF341CC499A0006ACD98 /* SDWebImageDownloader.m */; };
		DA83EF501CC499A0006ACD98 /* SDWebImageDownloaderOperation.m in Sources */ = {isa = PBXBuildFile; fileRef = DA83EF361CC499A0006ACD98 /* SDWebImageDownloaderOperation.m */; };
		DA83EF511CC499A0006ACD98 /* SDWebImageManager.m in Sources */ = {isa = PBXBuildFile; fileRef = DA83EF381CC499A0006ACD98 /* SDWebImageManager.m */; };
		DA83EF521CC499A0006ACD98 /* SDWebImagePrefetcher.m in Sources */ = {isa = PBXBuildFile; fileRef = DA83EF3B1CC499A0006ACD98 /* SDWebImagePrefetcher.m */; };
		DA83EF531CC499A0006ACD98 /* UIButton+WebCache.m in Sources */ = {isa = PBXBuildFile; fileRef = DA83EF3D1CC499A0006ACD98 /* UIButton+WebCache.m */; };
		DA83EF541CC499A0006ACD98 /* UIImage+GIF.m in Sources */ = {isa = PBXBuildFile; fileRef = DA83EF3F1CC499A0006ACD98 /* UIImage+GIF.m */; };
		DA83EF551CC499A0006ACD98 /* UIImage+MultiFormat.m in Sources */ = {isa = PBXBuildFile; fileRef = DA83EF411CC499A0006ACD98 /* UIImage+MultiFormat.m */; };
		DA83EF561CC499A0006ACD98 /* UIImage+WebP.m in Sources */ = {isa = PBXBuildFile; fileRef = DA83EF431CC499A0006ACD98 /* UIImage+WebP.m */; };
		DA83EF571CC499A0006ACD98 /* UIImageView+HighlightedWebCache.m in Sources */ = {isa = PBXBuildFile; fileRef = DA83EF451CC499A0006ACD98 /* UIImageView+HighlightedWebCache.m */; };
		DA83EF581CC499A0006ACD98 /* UIImageView+WebCache.m in Sources */ = {isa = PBXBuildFile; fileRef = DA83EF471CC499A0006ACD98 /* UIImageView+WebCache.m */; };
		DA83EF591CC499A0006ACD98 /* UIView+WebCacheOperation.m in Sources */ = {isa = PBXBuildFile; fileRef = DA83EF491CC499A0006ACD98 /* UIView+WebCacheOperation.m */; };
		DA83EF5C1CD1E3C1006ACD98 /* UIImage+Rotation.m in Sources */ = {isa = PBXBuildFile; fileRef = DA83EF5B1CD1E3C1006ACD98 /* UIImage+Rotation.m */; };
		DA97B6F21E80CD850064032E /* LZViewController.m in Sources */ = {isa = PBXBuildFile; fileRef = DA97B6F11E80CD850064032E /* LZViewController.m */; };
		DA97B6FB1E80D1DB0064032E /* LLSimpleCamera+Helper.m in Sources */ = {isa = PBXBuildFile; fileRef = DA97B6F61E80D1DB0064032E /* LLSimpleCamera+Helper.m */; };
		DA97B6FC1E80D1DB0064032E /* LLSimpleCamera.m in Sources */ = {isa = PBXBuildFile; fileRef = DA97B6F81E80D1DB0064032E /* LLSimpleCamera.m */; };
		DA97B6FD1E80D1DB0064032E /* UIImage+FixOrientation.m in Sources */ = {isa = PBXBuildFile; fileRef = DA97B6FA1E80D1DB0064032E /* UIImage+FixOrientation.m */; };
		DAC5D26E1CAE5A5A002D2C86 /* LZAppDelegate.m in Sources */ = {isa = PBXBuildFile; fileRef = DAC5D2661CAE5A5A002D2C86 /* LZAppDelegate.m */; };
		DAC5D2701CAE5A5A002D2C86 /* LaunchScreen.storyboard in Resources */ = {isa = PBXBuildFile; fileRef = DAC5D2691CAE5A5A002D2C86 /* LaunchScreen.storyboard */; };
		DAC5D2791CAE5C53002D2C86 /* LZNavigationController.m in Sources */ = {isa = PBXBuildFile; fileRef = DAC5D2781CAE5C53002D2C86 /* LZNavigationController.m */; };
		DAC5D27D1CAE5CCB002D2C86 /* DeployDelegate.m in Sources */ = {isa = PBXBuildFile; fileRef = DAC5D27C1CAE5CCB002D2C86 /* DeployDelegate.m */; };
		DAC5D2B31CAE69F1002D2C86 /* UIView+Screenshot.m in Sources */ = {isa = PBXBuildFile; fileRef = DAC5D2AE1CAE69F1002D2C86 /* UIView+Screenshot.m */; };
		DAC5D2B41CAE69F1002D2C86 /* Coordinate.m in Sources */ = {isa = PBXBuildFile; fileRef = DAC5D2B01CAE69F1002D2C86 /* Coordinate.m */; };
		DAC5D2B51CAE69F1002D2C86 /* FancyTabBar.m in Sources */ = {isa = PBXBuildFile; fileRef = DAC5D2B21CAE69F1002D2C86 /* FancyTabBar.m */; };
		DAC5D2B91CAE6A88002D2C86 /* UIImage+ImageEffects.m in Sources */ = {isa = PBXBuildFile; fileRef = DAC5D2B81CAE6A88002D2C86 /* UIImage+ImageEffects.m */; };
		DAC5D2BC1CAE6DC5002D2C86 /* UIView+LZExtension.m in Sources */ = {isa = PBXBuildFile; fileRef = DAC5D2BB1CAE6DC5002D2C86 /* UIView+LZExtension.m */; };
		DAC5D2BF1CAE7374002D2C86 /* Assets.xcassets in Resources */ = {isa = PBXBuildFile; fileRef = DAC5D2BD1CAE7374002D2C86 /* Assets.xcassets */; };
		DAC5D2C31CAE75A5002D2C86 /* PersonalViewController.m in Sources */ = {isa = PBXBuildFile; fileRef = DAC5D2C21CAE75A5002D2C86 /* PersonalViewController.m */; };
		DAC5D2C91CAEBAA1002D2C86 /* LCNavigationController.m in Sources */ = {isa = PBXBuildFile; fileRef = DAC5D2C81CAEBAA1002D2C86 /* LCNavigationController.m */; };
		DAC5D2CD1CAEC4D2002D2C86 /* LZLoadViewController.m in Sources */ = {isa = PBXBuildFile; fileRef = DAC5D2CC1CAEC4D2002D2C86 /* LZLoadViewController.m */; };
		DAC5D2CF1CAEC5C6002D2C86 /* 未标题-1.png in Resources */ = {isa = PBXBuildFile; fileRef = DAC5D2CE1CAEC5C6002D2C86 /* 未标题-1.png */; };
		DAC5D2D11CAEC5D1002D2C86 /* iconfont-password.png in Resources */ = {isa = PBXBuildFile; fileRef = DAC5D2D01CAEC5D1002D2C86 /* iconfont-password.png */; };
		DAC5D2D31CAEC5D8002D2C86 /* iconfont-user.png in Resources */ = {isa = PBXBuildFile; fileRef = DAC5D2D21CAEC5D8002D2C86 /* iconfont-user.png */; };
		DAC5D2D51CAEC5E5002D2C86 /* owl-login-arm-left@2x.png in Resources */ = {isa = PBXBuildFile; fileRef = DAC5D2D41CAEC5E5002D2C86 /* owl-login-arm-left@2x.png */; };
		DAC5D2D71CAEC63F002D2C86 /* owl-login-arm-right@2x.png in Resources */ = {isa = PBXBuildFile; fileRef = DAC5D2D61CAEC63F002D2C86 /* owl-login-arm-right@2x.png */; };
		DAC5D2D91CAEC646002D2C86 /* owl-login@2x.png in Resources */ = {isa = PBXBuildFile; fileRef = DAC5D2D81CAEC646002D2C86 /* owl-login@2x.png */; };
		DAC5D2DC1CAECCA1002D2C86 /* registerViewController.m in Sources */ = {isa = PBXBuildFile; fileRef = DAC5D2DB1CAECCA1002D2C86 /* registerViewController.m */; };
		DAC5D2E41CAF8642002D2C86 /* FMDBManager.m in Sources */ = {isa = PBXBuildFile; fileRef = DAC5D2E31CAF8642002D2C86 /* FMDBManager.m */; };
		DAC5D2E71CAF866F002D2C86 /* RecordModel.m in Sources */ = {isa = PBXBuildFile; fileRef = DAC5D2E61CAF866F002D2C86 /* RecordModel.m */; };
		DAC5D2EA1CAF877E002D2C86 /* UserModel.m in Sources */ = {isa = PBXBuildFile; fileRef = DAC5D2E91CAF877E002D2C86 /* UserModel.m */; };
		DAC5D2EF1CAF988D002D2C86 /* NetRequest.m in Sources */ = {isa = PBXBuildFile; fileRef = DAC5D2EE1CAF988D002D2C86 /* NetRequest.m */; };
		DAC5D2F21CAF9D4A002D2C86 /* WeatherModel.m in Sources */ = {isa = PBXBuildFile; fileRef = DAC5D2F11CAF9D4A002D2C86 /* WeatherModel.m */; };
		DAC5D2F41CAFA513002D2C86 /* CoreLocation.framework in Frameworks */ = {isa = PBXBuildFile; fileRef = DAC5D2F31CAFA513002D2C86 /* CoreLocation.framework */; };
		DAE1624C1CAE42BE00F74739 /* main.m in Sources */ = {isa = PBXBuildFile; fileRef = DAE1624B1CAE42BE00F74739 /* main.m */; };
		DAE162651CAE42BE00F74739 /* NoteRecordTests.m in Sources */ = {isa = PBXBuildFile; fileRef = DAE162641CAE42BE00F74739 /* NoteRecordTests.m */; };
		DAE162701CAE42BE00F74739 /* NoteRecordUITests.m in Sources */ = {isa = PBXBuildFile; fileRef = DAE1626F1CAE42BE00F74739 /* NoteRecordUITests.m */; };
/* End PBXBuildFile section */

/* Begin PBXContainerItemProxy section */
		DAE162611CAE42BE00F74739 /* PBXContainerItemProxy */ = {
			isa = PBXContainerItemProxy;
			containerPortal = DAE1623F1CAE42BE00F74739 /* Project object */;
			proxyType = 1;
			remoteGlobalIDString = DAE162461CAE42BE00F74739;
			remoteInfo = NoteRecord;
		};
		DAE1626C1CAE42BE00F74739 /* PBXContainerItemProxy */ = {
			isa = PBXContainerItemProxy;
			containerPortal = DAE1623F1CAE42BE00F74739 /* Project object */;
			proxyType = 1;
			remoteGlobalIDString = DAE162461CAE42BE00F74739;
			remoteInfo = NoteRecord;
		};
/* End PBXContainerItemProxy section */

/* Begin PBXFileReference section */
		04A34579C37EA9C77E52B1E5 /* libPods-NoteRecordUITests.a */ = {isa = PBXFileReference; explicitFileType = archive.ar; includeInIndex = 0; path = "libPods-NoteRecordUITests.a"; sourceTree = BUILT_PRODUCTS_DIR; };
		54F42CD5C7B0A97AB558A3D1 /* libPods-NoteRecord.a */ = {isa = PBXFileReference; explicitFileType = archive.ar; includeInIndex = 0; path = "libPods-NoteRecord.a"; sourceTree = BUILT_PRODUCTS_DIR; };
		AF4D6DC9B3B72C5B0B62FDC2 /* libPods-NoteRecordTests.a */ = {isa = PBXFileReference; explicitFileType = archive.ar; includeInIndex = 0; path = "libPods-NoteRecordTests.a"; sourceTree = BUILT_PRODUCTS_DIR; };
		B13B0C62BA26BA84C874075B /* Pods-NoteRecordTests.release.xcconfig */ = {isa = PBXFileReference; includeInIndex = 1; lastKnownFileType = text.xcconfig; name = "Pods-NoteRecordTests.release.xcconfig"; path = "Pods/Target Support Files/Pods-NoteRecordTests/Pods-NoteRecordTests.release.xcconfig"; sourceTree = "<group>"; };
		CAE880D31BB1940F18E0F3DB /* Pods-NoteRecordUITests.debug.xcconfig */ = {isa = PBXFileReference; includeInIndex = 1; lastKnownFileType = text.xcconfig; name = "Pods-NoteRecordUITests.debug.xcconfig"; path = "Pods/Target Support Files/Pods-NoteRecordUITests/Pods-NoteRecordUITests.debug.xcconfig"; sourceTree = "<group>"; };
		CDFF6FC5840F3862EC4C6A55 /* Pods-NoteRecordTests.debug.xcconfig */ = {isa = PBXFileReference; includeInIndex = 1; lastKnownFileType = text.xcconfig; name = "Pods-NoteRecordTests.debug.xcconfig"; path = "Pods/Target Support Files/Pods-NoteRecordTests/Pods-NoteRecordTests.debug.xcconfig"; sourceTree = "<group>"; };
		D72FA9EEF074E982E3A28A2F /* Pods-NoteRecordUITests.release.xcconfig */ = {isa = PBXFileReference; includeInIndex = 1; lastKnownFileType = text.xcconfig; name = "Pods-NoteRecordUITests.release.xcconfig"; path = "Pods/Target Support Files/Pods-NoteRecordUITests/Pods-NoteRecordUITests.release.xcconfig"; sourceTree = "<group>"; };
		DA0F62E31CC23476002D29BC /* blank.png */ = {isa = PBXFileReference; lastKnownFileType = image.png; path = blank.png; sourceTree = "<group>"; };
		DA81885F1CBF6FAF00A4D94E /* launchbg.jpeg */ = {isa = PBXFileReference; lastKnownFileType = image.jpeg; path = launchbg.jpeg; sourceTree = "<group>"; };
		DA8188611CBF705C00A4D94E /* bgbg.jpeg */ = {isa = PBXFileReference; lastKnownFileType = image.jpeg; path = bgbg.jpeg; sourceTree = "<group>"; };
		DA8188631CBF70B800A4D94E /* LZLabel.h */ = {isa = PBXFileReference; fileEncoding = 4; lastKnownFileType = sourcecode.c.h; path = LZLabel.h; sourceTree = "<group>"; };
		DA8188641CBF70B800A4D94E /* LZLabel.m */ = {isa = PBXFileReference; fileEncoding = 4; lastKnownFileType = sourcecode.c.objc; path = LZLabel.m; sourceTree = "<group>"; };
		DA8188681CBF818C00A4D94E /* RecordViewController.h */ = {isa = PBXFileReference; fileEncoding = 4; lastKnownFileType = sourcecode.c.h; path = RecordViewController.h; sourceTree = "<group>"; };
		DA8188691CBF818C00A4D94E /* RecordViewController.m */ = {isa = PBXFileReference; fileEncoding = 4; lastKnownFileType = sourcecode.c.objc; path = RecordViewController.m; sourceTree = "<group>"; };
		DA81886D1CBF8A1200A4D94E /* TextViewCell.h */ = {isa = PBXFileReference; fileEncoding = 4; lastKnownFileType = sourcecode.c.h; path = TextViewCell.h; sourceTree = "<group>"; };
		DA81886E1CBF8A1200A4D94E /* TextViewCell.m */ = {isa = PBXFileReference; fileEncoding = 4; lastKnownFileType = sourcecode.c.objc; path = TextViewCell.m; sourceTree = "<group>"; };
		DA8188721CBF9BC500A4D94E /* arrow1_w.png */ = {isa = PBXFileReference; lastKnownFileType = image.png; path = arrow1_w.png; sourceTree = "<group>"; };
		DA8188741CBFA05100A4D94E /* back.png */ = {isa = PBXFileReference; lastKnownFileType = image.png; path = back.png; sourceTree = "<group>"; };
		DA8188751CBFA05100A4D94E /* back@2x.png */ = {isa = PBXFileReference; lastKnownFileType = image.png; path = "back@2x.png"; sourceTree = "<group>"; };
		DA8188761CBFA05100A4D94E /* back@3x.png */ = {isa = PBXFileReference; lastKnownFileType = image.png; path = "back@3x.png"; sourceTree = "<group>"; };
		DA81887A1CBFA47500A4D94E /* 返回.png */ = {isa = PBXFileReference; lastKnownFileType = image.png; path = "返回.png"; sourceTree = "<group>"; };
		DA81887C1CC1D70700A4D94E /* position.png */ = {isa = PBXFileReference; lastKnownFileType = image.png; path = position.png; sourceTree = "<group>"; };
		DA81887E1CC1D70E00A4D94E /* location.png */ = {isa = PBXFileReference; lastKnownFileType = image.png; path = location.png; sourceTree = "<group>"; };
		DA8188841CC1DA9600A4D94E /* weather.png */ = {isa = PBXFileReference; lastKnownFileType = image.png; path = weather.png; sourceTree = "<group>"; };
		DA81888A1CC1E83100A4D94E /* CustomCell.h */ = {isa = PBXFileReference; fileEncoding = 4; lastKnownFileType = sourcecode.c.h; path = CustomCell.h; sourceTree = "<group>"; };
		DA81888B1CC1E83100A4D94E /* CustomCell.m */ = {isa = PBXFileReference; fileEncoding = 4; lastKnownFileType = sourcecode.c.objc; path = CustomCell.m; sourceTree = "<group>"; };
		DA81888D1CC22B3B00A4D94E /* PersonalRecordVC.h */ = {isa = PBXFileReference; fileEncoding = 4; lastKnownFileType = sourcecode.c.h; path = PersonalRecordVC.h; sourceTree = "<group>"; };
		DA81888E1CC22B3B00A4D94E /* PersonalRecordVC.m */ = {isa = PBXFileReference; fileEncoding = 4; lastKnownFileType = sourcecode.c.objc; path = PersonalRecordVC.m; sourceTree = "<group>"; };
		DA83EF121CC485B8006ACD98 /* icon.png */ = {isa = PBXFileReference; lastKnownFileType = image.png; path = icon.png; sourceTree = "<group>"; };
		DA83EF141CC48698006ACD98 /* whiteReturn.png */ = {isa = PBXFileReference; lastKnownFileType = image.png; path = whiteReturn.png; sourceTree = "<group>"; };
		DA83EF171CC49280006ACD98 /* SDWeiXinPhotoContainerView.h */ = {isa = PBXFileReference; fileEncoding = 4; lastKnownFileType = sourcecode.c.h; path = SDWeiXinPhotoContainerView.h; sourceTree = "<group>"; };
		DA83EF181CC49280006ACD98 /* SDWeiXinPhotoContainerView.m */ = {isa = PBXFileReference; fileEncoding = 4; lastKnownFileType = sourcecode.c.objc; path = SDWeiXinPhotoContainerView.m; sourceTree = "<group>"; };
		DA83EF1A1CC4929F006ACD98 /* RecordCell.h */ = {isa = PBXFileReference; fileEncoding = 4; lastKnownFileType = sourcecode.c.h; path = RecordCell.h; sourceTree = "<group>"; };
		DA83EF1B1CC4929F006ACD98 /* RecordCell.m */ = {isa = PBXFileReference; fileEncoding = 4; lastKnownFileType = sourcecode.c.objc; path = RecordCell.m; sourceTree = "<group>"; };
		DA83EF1E1CC498DF006ACD98 /* SDBrowserImageView.h */ = {isa = PBXFileReference; fileEncoding = 4; lastKnownFileType = sourcecode.c.h; path = SDBrowserImageView.h; sourceTree = "<group>"; };
		DA83EF1F1CC498DF006ACD98 /* SDBrowserImageView.m */ = {isa = PBXFileReference; fileEncoding = 4; lastKnownFileType = sourcecode.c.objc; path = SDBrowserImageView.m; sourceTree = "<group>"; };
		DA83EF201CC498DF006ACD98 /* SDPhotoBrowser.h */ = {isa = PBXFileReference; fileEncoding = 4; lastKnownFileType = sourcecode.c.h; path = SDPhotoBrowser.h; sourceTree = "<group>"; };
		DA83EF211CC498DF006ACD98 /* SDPhotoBrowser.m */ = {isa = PBXFileReference; fileEncoding = 4; lastKnownFileType = sourcecode.c.objc; path = SDPhotoBrowser.m; sourceTree = "<group>"; };
		DA83EF221CC498DF006ACD98 /* SDPhotoBrowserConfig.h */ = {isa = PBXFileReference; fileEncoding = 4; lastKnownFileType = sourcecode.c.h; path = SDPhotoBrowserConfig.h; sourceTree = "<group>"; };
		DA83EF231CC498DF006ACD98 /* SDWaitingView.h */ = {isa = PBXFileReference; fileEncoding = 4; lastKnownFileType = sourcecode.c.h; path = SDWaitingView.h; sourceTree = "<group>"; };
		DA83EF241CC498DF006ACD98 /* SDWaitingView.m */ = {isa = PBXFileReference; fileEncoding = 4; lastKnownFileType = sourcecode.c.objc; path = SDWaitingView.m; sourceTree = "<group>"; };
		DA83EF291CC499A0006ACD98 /* MKAnnotationView+WebCache.h */ = {isa = PBXFileReference; fileEncoding = 4; lastKnownFileType = sourcecode.c.h; path = "MKAnnotationView+WebCache.h"; sourceTree = "<group>"; };
		DA83EF2A1CC499A0006ACD98 /* MKAnnotationView+WebCache.m */ = {isa = PBXFileReference; fileEncoding = 4; lastKnownFileType = sourcecode.c.objc; path = "MKAnnotationView+WebCache.m"; sourceTree = "<group>"; };
		DA83EF2B1CC499A0006ACD98 /* NSData+ImageContentType.h */ = {isa = PBXFileReference; fileEncoding = 4; lastKnownFileType = sourcecode.c.h; path = "NSData+ImageContentType.h"; sourceTree = "<group>"; };
		DA83EF2C1CC499A0006ACD98 /* NSData+ImageContentType.m */ = {isa = PBXFileReference; fileEncoding = 4; lastKnownFileType = sourcecode.c.objc; path = "NSData+ImageContentType.m"; sourceTree = "<group>"; };
		DA83EF2D1CC499A0006ACD98 /* SDImageCache.h */ = {isa = PBXFileReference; fileEncoding = 4; lastKnownFileType = sourcecode.c.h; path = SDImageCache.h; sourceTree = "<group>"; };
		DA83EF2E1CC499A0006ACD98 /* SDImageCache.m */ = {isa = PBXFileReference; fileEncoding = 4; lastKnownFileType = sourcecode.c.objc; path = SDImageCache.m; sourceTree = "<group>"; };
		DA83EF2F1CC499A0006ACD98 /* SDWebImageCompat.h */ = {isa = PBXFileReference; fileEncoding = 4; lastKnownFileType = sourcecode.c.h; path = SDWebImageCompat.h; sourceTree = "<group>"; };
		DA83EF301CC499A0006ACD98 /* SDWebImageCompat.m */ = {isa = PBXFileReference; fileEncoding = 4; lastKnownFileType = sourcecode.c.objc; path = SDWebImageCompat.m; sourceTree = "<group>"; };
		DA83EF311CC499A0006ACD98 /* SDWebImageDecoder.h */ = {isa = PBXFileReference; fileEncoding = 4; lastKnownFileType = sourcecode.c.h; path = SDWebImageDecoder.h; sourceTree = "<group>"; };
		DA83EF321CC499A0006ACD98 /* SDWebImageDecoder.m */ = {isa = PBXFileReference; fileEncoding = 4; lastKnownFileType = sourcecode.c.objc; path = SDWebImageDecoder.m; sourceTree = "<group>"; };
		DA83EF331CC499A0006ACD98 /* SDWebImageDownloader.h */ = {isa = PBXFileReference; fileEncoding = 4; lastKnownFileType = sourcecode.c.h; path = SDWebImageDownloader.h; sourceTree = "<group>"; };
		DA83EF341CC499A0006ACD98 /* SDWebImageDownloader.m */ = {isa = PBXFileReference; fileEncoding = 4; lastKnownFileType = sourcecode.c.objc; path = SDWebImageDownloader.m; sourceTree = "<group>"; };
		DA83EF351CC499A0006ACD98 /* SDWebImageDownloaderOperation.h */ = {isa = PBXFileReference; fileEncoding = 4; lastKnownFileType = sourcecode.c.h; path = SDWebImageDownloaderOperation.h; sourceTree = "<group>"; };
		DA83EF361CC499A0006ACD98 /* SDWebImageDownloaderOperation.m */ = {isa = PBXFileReference; fileEncoding = 4; lastKnownFileType = sourcecode.c.objc; path = SDWebImageDownloaderOperation.m; sourceTree = "<group>"; };
		DA83EF371CC499A0006ACD98 /* SDWebImageManager.h */ = {isa = PBXFileReference; fileEncoding = 4; lastKnownFileType = sourcecode.c.h; path = SDWebImageManager.h; sourceTree = "<group>"; };
		DA83EF381CC499A0006ACD98 /* SDWebImageManager.m */ = {isa = PBXFileReference; fileEncoding = 4; lastKnownFileType = sourcecode.c.objc; path = SDWebImageManager.m; sourceTree = "<group>"; };
		DA83EF391CC499A0006ACD98 /* SDWebImageOperation.h */ = {isa = PBXFileReference; fileEncoding = 4; lastKnownFileType = sourcecode.c.h; path = SDWebImageOperation.h; sourceTree = "<group>"; };
		DA83EF3A1CC499A0006ACD98 /* SDWebImagePrefetcher.h */ = {isa = PBXFileReference; fileEncoding = 4; lastKnownFileType = sourcecode.c.h; path = SDWebImagePrefetcher.h; sourceTree = "<group>"; };
		DA83EF3B1CC499A0006ACD98 /* SDWebImagePrefetcher.m */ = {isa = PBXFileReference; fileEncoding = 4; lastKnownFileType = sourcecode.c.objc; path = SDWebImagePrefetcher.m; sourceTree = "<group>"; };
		DA83EF3C1CC499A0006ACD98 /* UIButton+WebCache.h */ = {isa = PBXFileReference; fileEncoding = 4; lastKnownFileType = sourcecode.c.h; path = "UIButton+WebCache.h"; sourceTree = "<group>"; };
		DA83EF3D1CC499A0006ACD98 /* UIButton+WebCache.m */ = {isa = PBXFileReference; fileEncoding = 4; lastKnownFileType = sourcecode.c.objc; path = "UIButton+WebCache.m"; sourceTree = "<group>"; };
		DA83EF3E1CC499A0006ACD98 /* UIImage+GIF.h */ = {isa = PBXFileReference; fileEncoding = 4; lastKnownFileType = sourcecode.c.h; path = "UIImage+GIF.h"; sourceTree = "<group>"; };
		DA83EF3F1CC499A0006ACD98 /* UIImage+GIF.m */ = {isa = PBXFileReference; fileEncoding = 4; lastKnownFileType = sourcecode.c.objc; path = "UIImage+GIF.m"; sourceTree = "<group>"; };
		DA83EF401CC499A0006ACD98 /* UIImage+MultiFormat.h */ = {isa = PBXFileReference; fileEncoding = 4; lastKnownFileType = sourcecode.c.h; path = "UIImage+MultiFormat.h"; sourceTree = "<group>"; };
		DA83EF411CC499A0006ACD98 /* UIImage+MultiFormat.m */ = {isa = PBXFileReference; fileEncoding = 4; lastKnownFileType = sourcecode.c.objc; path = "UIImage+MultiFormat.m"; sourceTree = "<group>"; };
		DA83EF421CC499A0006ACD98 /* UIImage+WebP.h */ = {isa = PBXFileReference; fileEncoding = 4; lastKnownFileType = sourcecode.c.h; path = "UIImage+WebP.h"; sourceTree = "<group>"; };
		DA83EF431CC499A0006ACD98 /* UIImage+WebP.m */ = {isa = PBXFileReference; fileEncoding = 4; lastKnownFileType = sourcecode.c.objc; path = "UIImage+WebP.m"; sourceTree = "<group>"; };
		DA83EF441CC499A0006ACD98 /* UIImageView+HighlightedWebCache.h */ = {isa = PBXFileReference; fileEncoding = 4; lastKnownFileType = sourcecode.c.h; path = "UIImageView+HighlightedWebCache.h"; sourceTree = "<group>"; };
		DA83EF451CC499A0006ACD98 /* UIImageView+HighlightedWebCache.m */ = {isa = PBXFileReference; fileEncoding = 4; lastKnownFileType = sourcecode.c.objc; path = "UIImageView+HighlightedWebCache.m"; sourceTree = "<group>"; };
		DA83EF461CC499A0006ACD98 /* UIImageView+WebCache.h */ = {isa = PBXFileReference; fileEncoding = 4; lastKnownFileType = sourcecode.c.h; path = "UIImageView+WebCache.h"; sourceTree = "<group>"; };
		DA83EF471CC499A0006ACD98 /* UIImageView+WebCache.m */ = {isa = PBXFileReference; fileEncoding = 4; lastKnownFileType = sourcecode.c.objc; path = "UIImageView+WebCache.m"; sourceTree = "<group>"; };
		DA83EF481CC499A0006ACD98 /* UIView+WebCacheOperation.h */ = {isa = PBXFileReference; fileEncoding = 4; lastKnownFileType = sourcecode.c.h; path = "UIView+WebCacheOperation.h"; sourceTree = "<group>"; };
		DA83EF491CC499A0006ACD98 /* UIView+WebCacheOperation.m */ = {isa = PBXFileReference; fileEncoding = 4; lastKnownFileType = sourcecode.c.objc; path = "UIView+WebCacheOperation.m"; sourceTree = "<group>"; };
		DA83EF5A1CD1E3C1006ACD98 /* UIImage+Rotation.h */ = {isa = PBXFileReference; fileEncoding = 4; lastKnownFileType = sourcecode.c.h; path = "UIImage+Rotation.h"; sourceTree = "<group>"; };
		DA83EF5B1CD1E3C1006ACD98 /* UIImage+Rotation.m */ = {isa = PBXFileReference; fileEncoding = 4; lastKnownFileType = sourcecode.c.objc; path = "UIImage+Rotation.m"; sourceTree = "<group>"; };
		DA97B6F01E80CD850064032E /* LZViewController.h */ = {isa = PBXFileReference; fileEncoding = 4; lastKnownFileType = sourcecode.c.h; name = LZViewController.h; path = NoteRecord/LZViewController.h; sourceTree = SOURCE_ROOT; };
		DA97B6F11E80CD850064032E /* LZViewController.m */ = {isa = PBXFileReference; fileEncoding = 4; lastKnownFileType = sourcecode.c.objc; name = LZViewController.m; path = NoteRecord/LZViewController.m; sourceTree = SOURCE_ROOT; };
		DA97B6F51E80D1DB0064032E /* LLSimpleCamera+Helper.h */ = {isa = PBXFileReference; fileEncoding = 4; lastKnownFileType = sourcecode.c.h; path = "LLSimpleCamera+Helper.h"; sourceTree = "<group>"; };
		DA97B6F61E80D1DB0064032E /* LLSimpleCamera+Helper.m */ = {isa = PBXFileReference; fileEncoding = 4; lastKnownFileType = sourcecode.c.objc; path = "LLSimpleCamera+Helper.m"; sourceTree = "<group>"; };
		DA97B6F71E80D1DB0064032E /* LLSimpleCamera.h */ = {isa = PBXFileReference; fileEncoding = 4; lastKnownFileType = sourcecode.c.h; path = LLSimpleCamera.h; sourceTree = "<group>"; };
		DA97B6F81E80D1DB0064032E /* LLSimpleCamera.m */ = {isa = PBXFileReference; fileEncoding = 4; lastKnownFileType = sourcecode.c.objc; path = LLSimpleCamera.m; sourceTree = "<group>"; };
		DA97B6F91E80D1DB0064032E /* UIImage+FixOrientation.h */ = {isa = PBXFileReference; fileEncoding = 4; lastKnownFileType = sourcecode.c.h; path = "UIImage+FixOrientation.h"; sourceTree = "<group>"; };
		DA97B6FA1E80D1DB0064032E /* UIImage+FixOrientation.m */ = {isa = PBXFileReference; fileEncoding = 4; lastKnownFileType = sourcecode.c.objc; path = "UIImage+FixOrientation.m"; sourceTree = "<group>"; };
		DAC5D2651CAE5A5A002D2C86 /* LZAppDelegate.h */ = {isa = PBXFileReference; fileEncoding = 4; lastKnownFileType = sourcecode.c.h; name = LZAppDelegate.h; path = ../LZAppDelegate.h; sourceTree = "<group>"; };
		DAC5D2661CAE5A5A002D2C86 /* LZAppDelegate.m */ = {isa = PBXFileReference; fileEncoding = 4; lastKnownFileType = sourcecode.c.objc; name = LZAppDelegate.m; path = ../LZAppDelegate.m; sourceTree = "<group>"; };
		DAC5D26A1CAE5A5A002D2C86 /* Base */ = {isa = PBXFileReference; lastKnownFileType = file.storyboard; name = Base; path = LaunchScreen.storyboard; sourceTree = "<group>"; };
		DAC5D26D1CAE5A5A002D2C86 /* Info.plist */ = {isa = PBXFileReference; fileEncoding = 4; lastKnownFileType = text.plist.xml; path = Info.plist; sourceTree = "<group>"; };
		DAC5D2771CAE5C53002D2C86 /* LZNavigationController.h */ = {isa = PBXFileReference; fileEncoding = 4; lastKnownFileType = sourcecode.c.h; path = LZNavigationController.h; sourceTree = "<group>"; };
		DAC5D2781CAE5C53002D2C86 /* LZNavigationController.m */ = {isa = PBXFileReference; fileEncoding = 4; lastKnownFileType = sourcecode.c.objc; path = LZNavigationController.m; sourceTree = "<group>"; };
		DAC5D27B1CAE5CCB002D2C86 /* DeployDelegate.h */ = {isa = PBXFileReference; fileEncoding = 4; lastKnownFileType = sourcecode.c.h; path = DeployDelegate.h; sourceTree = "<group>"; };
		DAC5D27C1CAE5CCB002D2C86 /* DeployDelegate.m */ = {isa = PBXFileReference; fileEncoding = 4; lastKnownFileType = sourcecode.c.objc; path = DeployDelegate.m; sourceTree = "<group>"; };
		DAC5D27F1CAE5E46002D2C86 /* PrefixHeader.pch */ = {isa = PBXFileReference; fileEncoding = 4; lastKnownFileType = sourcecode.c.h; path = PrefixHeader.pch; sourceTree = "<group>"; };
		DAC5D2AD1CAE69F1002D2C86 /* UIView+Screenshot.h */ = {isa = PBXFileReference; fileEncoding = 4; lastKnownFileType = sourcecode.c.h; path = "UIView+Screenshot.h"; sourceTree = "<group>"; };
		DAC5D2AE1CAE69F1002D2C86 /* UIView+Screenshot.m */ = {isa = PBXFileReference; fileEncoding = 4; lastKnownFileType = sourcecode.c.objc; path = "UIView+Screenshot.m"; sourceTree = "<group>"; };
		DAC5D2AF1CAE69F1002D2C86 /* Coordinate.h */ = {isa = PBXFileReference; fileEncoding = 4; lastKnownFileType = sourcecode.c.h; path = Coordinate.h; sourceTree = "<group>"; };
		DAC5D2B01CAE69F1002D2C86 /* Coordinate.m */ = {isa = PBXFileReference; fileEncoding = 4; lastKnownFileType = sourcecode.c.objc; path = Coordinate.m; sourceTree = "<group>"; };
		DAC5D2B11CAE69F1002D2C86 /* FancyTabBar.h */ = {isa = PBXFileReference; fileEncoding = 4; lastKnownFileType = sourcecode.c.h; path = FancyTabBar.h; sourceTree = "<group>"; };
		DAC5D2B21CAE69F1002D2C86 /* FancyTabBar.m */ = {isa = PBXFileReference; fileEncoding = 4; lastKnownFileType = sourcecode.c.objc; path = FancyTabBar.m; sourceTree = "<group>"; };
		DAC5D2B61CAE69F8002D2C86 /* FancyTabBarDelegate.h */ = {isa = PBXFileReference; fileEncoding = 4; lastKnownFileType = sourcecode.c.h; path = FancyTabBarDelegate.h; sourceTree = "<group>"; };
		DAC5D2B71CAE6A88002D2C86 /* UIImage+ImageEffects.h */ = {isa = PBXFileReference; fileEncoding = 4; lastKnownFileType = sourcecode.c.h; path = "UIImage+ImageEffects.h"; sourceTree = "<group>"; };
		DAC5D2B81CAE6A88002D2C86 /* UIImage+ImageEffects.m */ = {isa = PBXFileReference; fileEncoding = 4; lastKnownFileType = sourcecode.c.objc; path = "UIImage+ImageEffects.m"; sourceTree = "<group>"; };
		DAC5D2BA1CAE6DC5002D2C86 /* UIView+LZExtension.h */ = {isa = PBXFileReference; fileEncoding = 4; lastKnownFileType = sourcecode.c.h; name = "UIView+LZExtension.h"; path = "../UIView+LZExtension.h"; sourceTree = "<group>"; };
		DAC5D2BB1CAE6DC5002D2C86 /* UIView+LZExtension.m */ = {isa = PBXFileReference; fileEncoding = 4; lastKnownFileType = sourcecode.c.objc; name = "UIView+LZExtension.m"; path = "../UIView+LZExtension.m"; sourceTree = "<group>"; };
		DAC5D2BE1CAE7374002D2C86 /* Base */ = {isa = PBXFileReference; lastKnownFileType = folder.assetcatalog; name = Base; path = Assets.xcassets; sourceTree = "<group>"; };
		DAC5D2C11CAE75A5002D2C86 /* PersonalViewController.h */ = {isa = PBXFileReference; fileEncoding = 4; lastKnownFileType = sourcecode.c.h; path = PersonalViewController.h; sourceTree = "<group>"; };
		DAC5D2C21CAE75A5002D2C86 /* PersonalViewController.m */ = {isa = PBXFileReference; fileEncoding = 4; lastKnownFileType = sourcecode.c.objc; path = PersonalViewController.m; sourceTree = "<group>"; };
		DAC5D2C71CAEBAA1002D2C86 /* LCNavigationController.h */ = {isa = PBXFileReference; fileEncoding = 4; lastKnownFileType = sourcecode.c.h; path = LCNavigationController.h; sourceTree = "<group>"; };
		DAC5D2C81CAEBAA1002D2C86 /* LCNavigationController.m */ = {isa = PBXFileReference; fileEncoding = 4; lastKnownFileType = sourcecode.c.objc; path = LCNavigationController.m; sourceTree = "<group>"; };
		DAC5D2CB1CAEC4D2002D2C86 /* LZLoadViewController.h */ = {isa = PBXFileReference; fileEncoding = 4; lastKnownFileType = sourcecode.c.h; path = LZLoadViewController.h; sourceTree = "<group>"; };
		DAC5D2CC1CAEC4D2002D2C86 /* LZLoadViewController.m */ = {isa = PBXFileReference; fileEncoding = 4; lastKnownFileType = sourcecode.c.objc; path = LZLoadViewController.m; sourceTree = "<group>"; };
		DAC5D2CE1CAEC5C6002D2C86 /* 未标题-1.png */ = {isa = PBXFileReference; lastKnownFileType = image.png; path = "未标题-1.png"; sourceTree = "<group>"; };
		DAC5D2D01CAEC5D1002D2C86 /* iconfont-password.png */ = {isa = PBXFileReference; lastKnownFileType = image.png; path = "iconfont-password.png"; sourceTree = "<group>"; };
		DAC5D2D21CAEC5D8002D2C86 /* iconfont-user.png */ = {isa = PBXFileReference; lastKnownFileType = image.png; path = "iconfont-user.png"; sourceTree = "<group>"; };
		DAC5D2D41CAEC5E5002D2C86 /* owl-login-arm-left@2x.png */ = {isa = PBXFileReference; lastKnownFileType = image.png; path = "owl-login-arm-left@2x.png"; sourceTree = "<group>"; };
		DAC5D2D61CAEC63F002D2C86 /* owl-login-arm-right@2x.png */ = {isa = PBXFileReference; lastKnownFileType = image.png; path = "owl-login-arm-right@2x.png"; sourceTree = "<group>"; };
		DAC5D2D81CAEC646002D2C86 /* owl-login@2x.png */ = {isa = PBXFileReference; lastKnownFileType = image.png; path = "owl-login@2x.png"; sourceTree = "<group>"; };
		DAC5D2DA1CAECCA1002D2C86 /* registerViewController.h */ = {isa = PBXFileReference; fileEncoding = 4; lastKnownFileType = sourcecode.c.h; path = registerViewController.h; sourceTree = "<group>"; };
		DAC5D2DB1CAECCA1002D2C86 /* registerViewController.m */ = {isa = PBXFileReference; fileEncoding = 4; lastKnownFileType = sourcecode.c.objc; path = registerViewController.m; sourceTree = "<group>"; };
		DAC5D2E21CAF8642002D2C86 /* FMDBManager.h */ = {isa = PBXFileReference; fileEncoding = 4; lastKnownFileType = sourcecode.c.h; path = FMDBManager.h; sourceTree = "<group>"; };
		DAC5D2E31CAF8642002D2C86 /* FMDBManager.m */ = {isa = PBXFileReference; fileEncoding = 4; lastKnownFileType = sourcecode.c.objc; path = FMDBManager.m; sourceTree = "<group>"; };
		DAC5D2E51CAF866F002D2C86 /* RecordModel.h */ = {isa = PBXFileReference; fileEncoding = 4; lastKnownFileType = sourcecode.c.h; path = RecordModel.h; sourceTree = "<group>"; };
		DAC5D2E61CAF866F002D2C86 /* RecordModel.m */ = {isa = PBXFileReference; fileEncoding = 4; lastKnownFileType = sourcecode.c.objc; path = RecordModel.m; sourceTree = "<group>"; };
		DAC5D2E81CAF877E002D2C86 /* UserModel.h */ = {isa = PBXFileReference; fileEncoding = 4; lastKnownFileType = sourcecode.c.h; path = UserModel.h; sourceTree = "<group>"; };
		DAC5D2E91CAF877E002D2C86 /* UserModel.m */ = {isa = PBXFileReference; fileEncoding = 4; lastKnownFileType = sourcecode.c.objc; path = UserModel.m; sourceTree = "<group>"; };
		DAC5D2ED1CAF988D002D2C86 /* NetRequest.h */ = {isa = PBXFileReference; fileEncoding = 4; lastKnownFileType = sourcecode.c.h; path = NetRequest.h; sourceTree = "<group>"; };
		DAC5D2EE1CAF988D002D2C86 /* NetRequest.m */ = {isa = PBXFileReference; fileEncoding = 4; lastKnownFileType = sourcecode.c.objc; path = NetRequest.m; sourceTree = "<group>"; };
		DAC5D2F01CAF9D4A002D2C86 /* WeatherModel.h */ = {isa = PBXFileReference; fileEncoding = 4; lastKnownFileType = sourcecode.c.h; path = WeatherModel.h; sourceTree = "<group>"; };
		DAC5D2F11CAF9D4A002D2C86 /* WeatherModel.m */ = {isa = PBXFileReference; fileEncoding = 4; lastKnownFileType = sourcecode.c.objc; path = WeatherModel.m; sourceTree = "<group>"; };
		DAC5D2F31CAFA513002D2C86 /* CoreLocation.framework */ = {isa = PBXFileReference; lastKnownFileType = wrapper.framework; name = CoreLocation.framework; path = System/Library/Frameworks/CoreLocation.framework; sourceTree = SDKROOT; };
		DAE162471CAE42BE00F74739 /* NoteRecord.app */ = {isa = PBXFileReference; explicitFileType = wrapper.application; includeInIndex = 0; path = NoteRecord.app; sourceTree = BUILT_PRODUCTS_DIR; };
		DAE1624B1CAE42BE00F74739 /* main.m */ = {isa = PBXFileReference; lastKnownFileType = sourcecode.c.objc; path = main.m; sourceTree = "<group>"; };
		DAE162601CAE42BE00F74739 /* NoteRecordTests.xctest */ = {isa = PBXFileReference; explicitFileType = wrapper.cfbundle; includeInIndex = 0; path = NoteRecordTests.xctest; sourceTree = BUILT_PRODUCTS_DIR; };
		DAE162641CAE42BE00F74739 /* NoteRecordTests.m */ = {isa = PBXFileReference; lastKnownFileType = sourcecode.c.objc; path = NoteRecordTests.m; sourceTree = "<group>"; };
		DAE162661CAE42BE00F74739 /* Info.plist */ = {isa = PBXFileReference; lastKnownFileType = text.plist.xml; path = Info.plist; sourceTree = "<group>"; };
		DAE1626B1CAE42BE00F74739 /* NoteRecordUITests.xctest */ = {isa = PBXFileReference; explicitFileType = wrapper.cfbundle; includeInIndex = 0; path = NoteRecordUITests.xctest; sourceTree = BUILT_PRODUCTS_DIR; };
		DAE1626F1CAE42BE00F74739 /* NoteRecordUITests.m */ = {isa = PBXFileReference; lastKnownFileType = sourcecode.c.objc; path = NoteRecordUITests.m; sourceTree = "<group>"; };
		DAE162711CAE42BE00F74739 /* Info.plist */ = {isa = PBXFileReference; lastKnownFileType = text.plist.xml; path = Info.plist; sourceTree = "<group>"; };
		E9D2C4A14EA34D37EAB0510C /* Pods-NoteRecord.release.xcconfig */ = {isa = PBXFileReference; includeInIndex = 1; lastKnownFileType = text.xcconfig; name = "Pods-NoteRecord.release.xcconfig"; path = "Pods/Target Support Files/Pods-NoteRecord/Pods-NoteRecord.release.xcconfig"; sourceTree = "<group>"; };
		FAF0BCC13556A85080E486D6 /* Pods-NoteRecord.debug.xcconfig */ = {isa = PBXFileReference; includeInIndex = 1; lastKnownFileType = text.xcconfig; name = "Pods-NoteRecord.debug.xcconfig"; path = "Pods/Target Support Files/Pods-NoteRecord/Pods-NoteRecord.debug.xcconfig"; sourceTree = "<group>"; };
/* End PBXFileReference section */

/* Begin PBXFrameworksBuildPhase section */
		DAE162441CAE42BE00F74739 /* Frameworks */ = {
			isa = PBXFrameworksBuildPhase;
			buildActionMask = 2147483647;
			files = (
				DAC5D2F41CAFA513002D2C86 /* CoreLocation.framework in Frameworks */,
				D540DEEA35206D52D252F5BA /* libPods-NoteRecord.a in Frameworks */,
			);
			runOnlyForDeploymentPostprocessing = 0;
		};
		DAE1625D1CAE42BE00F74739 /* Frameworks */ = {
			isa = PBXFrameworksBuildPhase;
			buildActionMask = 2147483647;
			files = (
				D1E603993703CBD58E90B4B4 /* libPods-NoteRecordTests.a in Frameworks */,
			);
			runOnlyForDeploymentPostprocessing = 0;
		};
		DAE162681CAE42BE00F74739 /* Frameworks */ = {
			isa = PBXFrameworksBuildPhase;
			buildActionMask = 2147483647;
			files = (
				D0518DFF9F527EC9A5DCE70C /* libPods-NoteRecordUITests.a in Frameworks */,
			);
			runOnlyForDeploymentPostprocessing = 0;
		};
/* End PBXFrameworksBuildPhase section */

/* Begin PBXGroup section */
		9CB673746FD23FDFA8FC0E5B /* Pods */ = {
			isa = PBXGroup;
			children = (
				FAF0BCC13556A85080E486D6 /* Pods-NoteRecord.debug.xcconfig */,
				E9D2C4A14EA34D37EAB0510C /* Pods-NoteRecord.release.xcconfig */,
				CDFF6FC5840F3862EC4C6A55 /* Pods-NoteRecordTests.debug.xcconfig */,
				B13B0C62BA26BA84C874075B /* Pods-NoteRecordTests.release.xcconfig */,
				CAE880D31BB1940F18E0F3DB /* Pods-NoteRecordUITests.debug.xcconfig */,
				D72FA9EEF074E982E3A28A2F /* Pods-NoteRecordUITests.release.xcconfig */,
			);
			name = Pods;
			sourceTree = "<group>";
		};
		DA81886B1CBF89DA00A4D94E /* Controllers */ = {
			isa = PBXGroup;
			children = (
				DA8188681CBF818C00A4D94E /* RecordViewController.h */,
				DA8188691CBF818C00A4D94E /* RecordViewController.m */,
				DA81888D1CC22B3B00A4D94E /* PersonalRecordVC.h */,
				DA81888E1CC22B3B00A4D94E /* PersonalRecordVC.m */,
			);
			name = Controllers;
			sourceTree = "<group>";
		};
		DA81886C1CBF89E900A4D94E /* Views */ = {
			isa = PBXGroup;
			children = (
				DA81886D1CBF8A1200A4D94E /* TextViewCell.h */,
				DA81886E1CBF8A1200A4D94E /* TextViewCell.m */,
				DA81888A1CC1E83100A4D94E /* CustomCell.h */,
				DA81888B1CC1E83100A4D94E /* CustomCell.m */,
				DA83EF1A1CC4929F006ACD98 /* RecordCell.h */,
				DA83EF1B1CC4929F006ACD98 /* RecordCell.m */,
			);
			name = Views;
			sourceTree = "<group>";
		};
		DA83EF161CC49280006ACD98 /* PhotoContainer */ = {
			isa = PBXGroup;
			children = (
				DA83EF171CC49280006ACD98 /* SDWeiXinPhotoContainerView.h */,
				DA83EF181CC49280006ACD98 /* SDWeiXinPhotoContainerView.m */,
			);
			path = PhotoContainer;
			sourceTree = "<group>";
		};
		DA83EF1D1CC498DF006ACD98 /* SDPhotoBrowser */ = {
			isa = PBXGroup;
			children = (
				DA83EF1E1CC498DF006ACD98 /* SDBrowserImageView.h */,
				DA83EF1F1CC498DF006ACD98 /* SDBrowserImageView.m */,
				DA83EF201CC498DF006ACD98 /* SDPhotoBrowser.h */,
				DA83EF211CC498DF006ACD98 /* SDPhotoBrowser.m */,
				DA83EF221CC498DF006ACD98 /* SDPhotoBrowserConfig.h */,
				DA83EF231CC498DF006ACD98 /* SDWaitingView.h */,
				DA83EF241CC498DF006ACD98 /* SDWaitingView.m */,
			);
			path = SDPhotoBrowser;
			sourceTree = "<group>";
		};
		DA83EF281CC499A0006ACD98 /* SDWebImage */ = {
			isa = PBXGroup;
			children = (
				DA83EF291CC499A0006ACD98 /* MKAnnotationView+WebCache.h */,
				DA83EF2A1CC499A0006ACD98 /* MKAnnotationView+WebCache.m */,
				DA83EF2B1CC499A0006ACD98 /* NSData+ImageContentType.h */,
				DA83EF2C1CC499A0006ACD98 /* NSData+ImageContentType.m */,
				DA83EF2D1CC499A0006ACD98 /* SDImageCache.h */,
				DA83EF2E1CC499A0006ACD98 /* SDImageCache.m */,
				DA83EF2F1CC499A0006ACD98 /* SDWebImageCompat.h */,
				DA83EF301CC499A0006ACD98 /* SDWebImageCompat.m */,
				DA83EF311CC499A0006ACD98 /* SDWebImageDecoder.h */,
				DA83EF321CC499A0006ACD98 /* SDWebImageDecoder.m */,
				DA83EF331CC499A0006ACD98 /* SDWebImageDownloader.h */,
				DA83EF341CC499A0006ACD98 /* SDWebImageDownloader.m */,
				DA83EF351CC499A0006ACD98 /* SDWebImageDownloaderOperation.h */,
				DA83EF361CC499A0006ACD98 /* SDWebImageDownloaderOperation.m */,
				DA83EF371CC499A0006ACD98 /* SDWebImageManager.h */,
				DA83EF381CC499A0006ACD98 /* SDWebImageManager.m */,
				DA83EF391CC499A0006ACD98 /* SDWebImageOperation.h */,
				DA83EF3A1CC499A0006ACD98 /* SDWebImagePrefetcher.h */,
				DA83EF3B1CC499A0006ACD98 /* SDWebImagePrefetcher.m */,
				DA83EF3C1CC499A0006ACD98 /* UIButton+WebCache.h */,
				DA83EF3D1CC499A0006ACD98 /* UIButton+WebCache.m */,
				DA83EF3E1CC499A0006ACD98 /* UIImage+GIF.h */,
				DA83EF3F1CC499A0006ACD98 /* UIImage+GIF.m */,
				DA83EF401CC499A0006ACD98 /* UIImage+MultiFormat.h */,
				DA83EF411CC499A0006ACD98 /* UIImage+MultiFormat.m */,
				DA83EF421CC499A0006ACD98 /* UIImage+WebP.h */,
				DA83EF431CC499A0006ACD98 /* UIImage+WebP.m */,
				DA83EF441CC499A0006ACD98 /* UIImageView+HighlightedWebCache.h */,
				DA83EF451CC499A0006ACD98 /* UIImageView+HighlightedWebCache.m */,
				DA83EF461CC499A0006ACD98 /* UIImageView+WebCache.h */,
				DA83EF471CC499A0006ACD98 /* UIImageView+WebCache.m */,
				DA83EF481CC499A0006ACD98 /* UIView+WebCacheOperation.h */,
				DA83EF491CC499A0006ACD98 /* UIView+WebCacheOperation.m */,
			);
			path = SDWebImage;
			sourceTree = "<group>";
		};
		DA97B6F41E80D1DB0064032E /* LLSimpleCamera */ = {
			isa = PBXGroup;
			children = (
				DA97B6F51E80D1DB0064032E /* LLSimpleCamera+Helper.h */,
				DA97B6F61E80D1DB0064032E /* LLSimpleCamera+Helper.m */,
				DA97B6F71E80D1DB0064032E /* LLSimpleCamera.h */,
				DA97B6F81E80D1DB0064032E /* LLSimpleCamera.m */,
				DA97B6F91E80D1DB0064032E /* UIImage+FixOrientation.h */,
				DA97B6FA1E80D1DB0064032E /* UIImage+FixOrientation.m */,
			);
			path = LLSimpleCamera;
			sourceTree = "<group>";
		};
		DAC5D2681CAE5A5A002D2C86 /* Base.lproj */ = {
			isa = PBXGroup;
			children = (
				DAC5D2BD1CAE7374002D2C86 /* Assets.xcassets */,
				DAC5D2691CAE5A5A002D2C86 /* LaunchScreen.storyboard */,
			);
			path = Base.lproj;
			sourceTree = "<group>";
		};
		DAC5D2731CAE5BC8002D2C86 /* Class */ = {
			isa = PBXGroup;
			children = (
				DAC5D2761CAE5C2B002D2C86 /* Common */,
				DAC5D2E01CAF7ACA002D2C86 /* Record */,
				DAC5D2741CAE5BDF002D2C86 /* Main */,
				DAC5D2C01CAE7578002D2C86 /* Personal */,
				DAC5D2CA1CAEBFE4002D2C86 /* Load */,
			);
			path = Class;
			sourceTree = "<group>";
		};
		DAC5D2741CAE5BDF002D2C86 /* Main */ = {
			isa = PBXGroup;
			children = (
				DA97B6F01E80CD850064032E /* LZViewController.h */,
				DA97B6F11E80CD850064032E /* LZViewController.m */,
			);
			path = Main;
			sourceTree = "<group>";
		};
		DAC5D2761CAE5C2B002D2C86 /* Common */ = {
			isa = PBXGroup;
			children = (
				DAC5D2C71CAEBAA1002D2C86 /* LCNavigationController.h */,
				DAC5D2C81CAEBAA1002D2C86 /* LCNavigationController.m */,
				DAC5D2771CAE5C53002D2C86 /* LZNavigationController.h */,
				DAC5D2781CAE5C53002D2C86 /* LZNavigationController.m */,
				DA8188631CBF70B800A4D94E /* LZLabel.h */,
				DA8188641CBF70B800A4D94E /* LZLabel.m */,
				DA83EF5A1CD1E3C1006ACD98 /* UIImage+Rotation.h */,
				DA83EF5B1CD1E3C1006ACD98 /* UIImage+Rotation.m */,
			);
			path = Common;
			sourceTree = "<group>";
		};
		DAC5D27A1CAE5C8B002D2C86 /* AppDelegate */ = {
			isa = PBXGroup;
			children = (
				DAC5D2651CAE5A5A002D2C86 /* LZAppDelegate.h */,
				DAC5D2661CAE5A5A002D2C86 /* LZAppDelegate.m */,
				DAC5D27B1CAE5CCB002D2C86 /* DeployDelegate.h */,
				DAC5D27C1CAE5CCB002D2C86 /* DeployDelegate.m */,
				DAC5D27F1CAE5E46002D2C86 /* PrefixHeader.pch */,
			);
			path = AppDelegate;
			sourceTree = "<group>";
		};
		DAC5D2801CAE6564002D2C86 /* ThirdTool */ = {
			isa = PBXGroup;
			children = (
				DA97B6F41E80D1DB0064032E /* LLSimpleCamera */,
				DA83EF281CC499A0006ACD98 /* SDWebImage */,
				DA83EF1D1CC498DF006ACD98 /* SDPhotoBrowser */,
				DA83EF161CC49280006ACD98 /* PhotoContainer */,
				DAC5D2AC1CAE69E0002D2C86 /* TabBar */,
			);
			path = ThirdTool;
			sourceTree = "<group>";
		};
		DAC5D2AC1CAE69E0002D2C86 /* TabBar */ = {
			isa = PBXGroup;
			children = (
				DAC5D2BA1CAE6DC5002D2C86 /* UIView+LZExtension.h */,
				DAC5D2BB1CAE6DC5002D2C86 /* UIView+LZExtension.m */,
				DAC5D2B71CAE6A88002D2C86 /* UIImage+ImageEffects.h */,
				DAC5D2B81CAE6A88002D2C86 /* UIImage+ImageEffects.m */,
				DAC5D2B61CAE69F8002D2C86 /* FancyTabBarDelegate.h */,
				DAC5D2AD1CAE69F1002D2C86 /* UIView+Screenshot.h */,
				DAC5D2AE1CAE69F1002D2C86 /* UIView+Screenshot.m */,
				DAC5D2AF1CAE69F1002D2C86 /* Coordinate.h */,
				DAC5D2B01CAE69F1002D2C86 /* Coordinate.m */,
				DAC5D2B11CAE69F1002D2C86 /* FancyTabBar.h */,
				DAC5D2B21CAE69F1002D2C86 /* FancyTabBar.m */,
			);
			path = TabBar;
			sourceTree = "<group>";
		};
		DAC5D2C01CAE7578002D2C86 /* Personal */ = {
			isa = PBXGroup;
			children = (
				DAC5D2C11CAE75A5002D2C86 /* PersonalViewController.h */,
				DAC5D2C21CAE75A5002D2C86 /* PersonalViewController.m */,
			);
			path = Personal;
			sourceTree = "<group>";
		};
		DAC5D2C41CAEA4FF002D2C86 /* UI */ = {
			isa = PBXGroup;
			children = (
				DA83EF141CC48698006ACD98 /* whiteReturn.png */,
				DA83EF121CC485B8006ACD98 /* icon.png */,
				DA8188841CC1DA9600A4D94E /* weather.png */,
				DA81887C1CC1D70700A4D94E /* position.png */,
				DAC5D2CE1CAEC5C6002D2C86 /* 未标题-1.png */,
				DAC5D2D01CAEC5D1002D2C86 /* iconfont-password.png */,
				DAC5D2D21CAEC5D8002D2C86 /* iconfont-user.png */,
				DAC5D2D41CAEC5E5002D2C86 /* owl-login-arm-left@2x.png */,
				DAC5D2D61CAEC63F002D2C86 /* owl-login-arm-right@2x.png */,
				DAC5D2D81CAEC646002D2C86 /* owl-login@2x.png */,
				DA81885F1CBF6FAF00A4D94E /* launchbg.jpeg */,
				DA8188611CBF705C00A4D94E /* bgbg.jpeg */,
				DA8188721CBF9BC500A4D94E /* arrow1_w.png */,
				DA8188741CBFA05100A4D94E /* back.png */,
				DA8188751CBFA05100A4D94E /* back@2x.png */,
				DA8188761CBFA05100A4D94E /* back@3x.png */,
				DA81887A1CBFA47500A4D94E /* 返回.png */,
				DA81887E1CC1D70E00A4D94E /* location.png */,
				DA0F62E31CC23476002D29BC /* blank.png */,
			);
			path = UI;
			sourceTree = "<group>";
		};
		DAC5D2CA1CAEBFE4002D2C86 /* Load */ = {
			isa = PBXGroup;
			children = (
				DAC5D2CB1CAEC4D2002D2C86 /* LZLoadViewController.h */,
				DAC5D2CC1CAEC4D2002D2C86 /* LZLoadViewController.m */,
				DAC5D2DA1CAECCA1002D2C86 /* registerViewController.h */,
				DAC5D2DB1CAECCA1002D2C86 /* registerViewController.m */,
			);
			path = Load;
			sourceTree = "<group>";
		};
		DAC5D2E01CAF7ACA002D2C86 /* Record */ = {
			isa = PBXGroup;
			children = (
				DA81886B1CBF89DA00A4D94E /* Controllers */,
				DA81886C1CBF89E900A4D94E /* Views */,
			);
			path = Record;
			sourceTree = "<group>";
		};
		DAC5D2E11CAF7B6C002D2C86 /* Manager */ = {
			isa = PBXGroup;
			children = (
				DAC5D2EC1CAF9858002D2C86 /* NetRequest */,
				DAC5D2EB1CAF973D002D2C86 /* FMDBManager */,
			);
			path = Manager;
			sourceTree = "<group>";
		};
		DAC5D2EB1CAF973D002D2C86 /* FMDBManager */ = {
			isa = PBXGroup;
			children = (
				DAC5D2E21CAF8642002D2C86 /* FMDBManager.h */,
				DAC5D2E31CAF8642002D2C86 /* FMDBManager.m */,
				DAC5D2E51CAF866F002D2C86 /* RecordModel.h */,
				DAC5D2E61CAF866F002D2C86 /* RecordModel.m */,
				DAC5D2E81CAF877E002D2C86 /* UserModel.h */,
				DAC5D2E91CAF877E002D2C86 /* UserModel.m */,
			);
			name = FMDBManager;
			sourceTree = "<group>";
		};
		DAC5D2EC1CAF9858002D2C86 /* NetRequest */ = {
			isa = PBXGroup;
			children = (
				DAC5D2ED1CAF988D002D2C86 /* NetRequest.h */,
				DAC5D2EE1CAF988D002D2C86 /* NetRequest.m */,
				DAC5D2F01CAF9D4A002D2C86 /* WeatherModel.h */,
				DAC5D2F11CAF9D4A002D2C86 /* WeatherModel.m */,
			);
			name = NetRequest;
			sourceTree = "<group>";
		};
		DAE1623E1CAE42BE00F74739 = {
			isa = PBXGroup;
			children = (
				DAE162491CAE42BE00F74739 /* NoteRecord */,
				DAE162631CAE42BE00F74739 /* NoteRecordTests */,
				DAE1626E1CAE42BE00F74739 /* NoteRecordUITests */,
				DAE162481CAE42BE00F74739 /* Products */,
				DEBE744B08B3F225882CA153 /* Frameworks */,
				9CB673746FD23FDFA8FC0E5B /* Pods */,
			);
			sourceTree = "<group>";
		};
		DAE162481CAE42BE00F74739 /* Products */ = {
			isa = PBXGroup;
			children = (
				DAE162471CAE42BE00F74739 /* NoteRecord.app */,
				DAE162601CAE42BE00F74739 /* NoteRecordTests.xctest */,
				DAE1626B1CAE42BE00F74739 /* NoteRecordUITests.xctest */,
			);
			name = Products;
			sourceTree = "<group>";
		};
		DAE162491CAE42BE00F74739 /* NoteRecord */ = {
			isa = PBXGroup;
			children = (
				DAC5D2C41CAEA4FF002D2C86 /* UI */,
				DAC5D2801CAE6564002D2C86 /* ThirdTool */,
				DAC5D27A1CAE5C8B002D2C86 /* AppDelegate */,
				DAC5D2731CAE5BC8002D2C86 /* Class */,
				DAC5D2E11CAF7B6C002D2C86 /* Manager */,
				DAC5D2681CAE5A5A002D2C86 /* Base.lproj */,
				DAE1624A1CAE42BE00F74739 /* Supporting Files */,
			);
			path = NoteRecord;
			sourceTree = "<group>";
		};
		DAE1624A1CAE42BE00F74739 /* Supporting Files */ = {
			isa = PBXGroup;
			children = (
				DAC5D26D1CAE5A5A002D2C86 /* Info.plist */,
				DAE1624B1CAE42BE00F74739 /* main.m */,
			);
			name = "Supporting Files";
			sourceTree = "<group>";
		};
		DAE162631CAE42BE00F74739 /* NoteRecordTests */ = {
			isa = PBXGroup;
			children = (
				DAE162641CAE42BE00F74739 /* NoteRecordTests.m */,
				DAE162661CAE42BE00F74739 /* Info.plist */,
			);
			path = NoteRecordTests;
			sourceTree = "<group>";
		};
		DAE1626E1CAE42BE00F74739 /* NoteRecordUITests */ = {
			isa = PBXGroup;
			children = (
				DAE1626F1CAE42BE00F74739 /* NoteRecordUITests.m */,
				DAE162711CAE42BE00F74739 /* Info.plist */,
			);
			path = NoteRecordUITests;
			sourceTree = "<group>";
		};
		DEBE744B08B3F225882CA153 /* Frameworks */ = {
			isa = PBXGroup;
			children = (
				DAC5D2F31CAFA513002D2C86 /* CoreLocation.framework */,
				54F42CD5C7B0A97AB558A3D1 /* libPods-NoteRecord.a */,
				AF4D6DC9B3B72C5B0B62FDC2 /* libPods-NoteRecordTests.a */,
				04A34579C37EA9C77E52B1E5 /* libPods-NoteRecordUITests.a */,
			);
			name = Frameworks;
			sourceTree = "<group>";
		};
/* End PBXGroup section */

/* Begin PBXNativeTarget section */
		DAE162461CAE42BE00F74739 /* NoteRecord */ = {
			isa = PBXNativeTarget;
			buildConfigurationList = DAE162741CAE42BE00F74739 /* Build configuration list for PBXNativeTarget "NoteRecord" */;
			buildPhases = (
				B110D7A1413C88227EC2151B /* [CP] Check Pods Manifest.lock */,
				DAE162431CAE42BE00F74739 /* Sources */,
				DAE162441CAE42BE00F74739 /* Frameworks */,
				DAE162451CAE42BE00F74739 /* Resources */,
				546433F2F3192635C170E767 /* [CP] Embed Pods Frameworks */,
				F31FAECDB3E867183046331E /* [CP] Copy Pods Resources */,
			);
			buildRules = (
			);
			dependencies = (
			);
			name = NoteRecord;
			productName = NoteRecord;
			productReference = DAE162471CAE42BE00F74739 /* NoteRecord.app */;
			productType = "com.apple.product-type.application";
		};
		DAE1625F1CAE42BE00F74739 /* NoteRecordTests */ = {
			isa = PBXNativeTarget;
			buildConfigurationList = DAE162771CAE42BE00F74739 /* Build configuration list for PBXNativeTarget "NoteRecordTests" */;
			buildPhases = (
				34F3E00A646BBB449BE98C64 /* [CP] Check Pods Manifest.lock */,
				DAE1625C1CAE42BE00F74739 /* Sources */,
				DAE1625D1CAE42BE00F74739 /* Frameworks */,
				DAE1625E1CAE42BE00F74739 /* Resources */,
				D37B65B29C2DC9E0CBCA30DF /* [CP] Embed Pods Frameworks */,
				B09C1F2A2B56F4C987F02729 /* [CP] Copy Pods Resources */,
			);
			buildRules = (
			);
			dependencies = (
				DAE162621CAE42BE00F74739 /* PBXTargetDependency */,
			);
			name = NoteRecordTests;
			productName = NoteRecordTests;
			productReference = DAE162601CAE42BE00F74739 /* NoteRecordTests.xctest */;
			productType = "com.apple.product-type.bundle.unit-test";
		};
		DAE1626A1CAE42BE00F74739 /* NoteRecordUITests */ = {
			isa = PBXNativeTarget;
			buildConfigurationList = DAE1627A1CAE42BE00F74739 /* Build configuration list for PBXNativeTarget "NoteRecordUITests" */;
			buildPhases = (
				B3B20FC5F49BEC49C16CBC79 /* [CP] Check Pods Manifest.lock */,
				DAE162671CAE42BE00F74739 /* Sources */,
				DAE162681CAE42BE00F74739 /* Frameworks */,
				DAE162691CAE42BE00F74739 /* Resources */,
				F15F4715AB73EB78A444B5FA /* [CP] Embed Pods Frameworks */,
				B46A7D1EFC2C2956F9BB0C8A /* [CP] Copy Pods Resources */,
			);
			buildRules = (
			);
			dependencies = (
				DAE1626D1CAE42BE00F74739 /* PBXTargetDependency */,
			);
			name = NoteRecordUITests;
			productName = NoteRecordUITests;
			productReference = DAE1626B1CAE42BE00F74739 /* NoteRecordUITests.xctest */;
			productType = "com.apple.product-type.bundle.ui-testing";
		};
/* End PBXNativeTarget section */

/* Begin PBXProject section */
		DAE1623F1CAE42BE00F74739 /* Project object */ = {
			isa = PBXProject;
			attributes = {
				LastUpgradeCheck = 0730;
				ORGANIZATIONNAME = Stefanie;
				TargetAttributes = {
					DAE162461CAE42BE00F74739 = {
						CreatedOnToolsVersion = 7.3;
						DevelopmentTeam = DZNJ4F4E32;
						ProvisioningStyle = Automatic;
						SystemCapabilities = {
							com.apple.BackgroundModes = {
								enabled = 1;
							};
							com.apple.Maps.iOS = {
								enabled = 0;
							};
						};
					};
					DAE1625F1CAE42BE00F74739 = {
						CreatedOnToolsVersion = 7.3;
						TestTargetID = DAE162461CAE42BE00F74739;
					};
					DAE1626A1CAE42BE00F74739 = {
						CreatedOnToolsVersion = 7.3;
						TestTargetID = DAE162461CAE42BE00F74739;
					};
				};
			};
			buildConfigurationList = DAE162421CAE42BE00F74739 /* Build configuration list for PBXProject "NoteRecord" */;
			compatibilityVersion = "Xcode 3.2";
			developmentRegion = English;
			hasScannedForEncodings = 0;
			knownRegions = (
				en,
				Base,
			);
			mainGroup = DAE1623E1CAE42BE00F74739;
			productRefGroup = DAE162481CAE42BE00F74739 /* Products */;
			projectDirPath = "";
			projectRoot = "";
			targets = (
				DAE162461CAE42BE00F74739 /* NoteRecord */,
				DAE1625F1CAE42BE00F74739 /* NoteRecordTests */,
				DAE1626A1CAE42BE00F74739 /* NoteRecordUITests */,
			);
		};
/* End PBXProject section */

/* Begin PBXResourcesBuildPhase section */
		DAE162451CAE42BE00F74739 /* Resources */ = {
			isa = PBXResourcesBuildPhase;
			buildActionMask = 2147483647;
			files = (
				DAC5D2D11CAEC5D1002D2C86 /* iconfont-password.png in Resources */,
				DAC5D2CF1CAEC5C6002D2C86 /* 未标题-1.png in Resources */,
				DA8188601CBF6FAF00A4D94E /* launchbg.jpeg in Resources */,
				DAC5D2D51CAEC5E5002D2C86 /* owl-login-arm-left@2x.png in Resources */,
				DA83EF151CC48698006ACD98 /* whiteReturn.png in Resources */,
				DA81887D1CC1D70700A4D94E /* position.png in Resources */,
				DA8188791CBFA05100A4D94E /* back@3x.png in Resources */,
				DAC5D2BF1CAE7374002D2C86 /* Assets.xcassets in Resources */,
				DA8188731CBF9BC500A4D94E /* arrow1_w.png in Resources */,
				DAC5D2701CAE5A5A002D2C86 /* LaunchScreen.storyboard in Resources */,
				DA83EF131CC485B8006ACD98 /* icon.png in Resources */,
				DA8188621CBF705C00A4D94E /* bgbg.jpeg in Resources */,
				DA8188781CBFA05100A4D94E /* back@2x.png in Resources */,
				DA0F62E41CC23476002D29BC /* blank.png in Resources */,
				DA81887F1CC1D70E00A4D94E /* location.png in Resources */,
				DA8188851CC1DA9600A4D94E /* weather.png in Resources */,
				DA81887B1CBFA47500A4D94E /* 返回.png in Resources */,
				DA8188771CBFA05100A4D94E /* back.png in Resources */,
				DAC5D2D71CAEC63F002D2C86 /* owl-login-arm-right@2x.png in Resources */,
				DAC5D2D31CAEC5D8002D2C86 /* iconfont-user.png in Resources */,
				DAC5D2D91CAEC646002D2C86 /* owl-login@2x.png in Resources */,
			);
			runOnlyForDeploymentPostprocessing = 0;
		};
		DAE1625E1CAE42BE00F74739 /* Resources */ = {
			isa = PBXResourcesBuildPhase;
			buildActionMask = 2147483647;
			files = (
			);
			runOnlyForDeploymentPostprocessing = 0;
		};
		DAE162691CAE42BE00F74739 /* Resources */ = {
			isa = PBXResourcesBuildPhase;
			buildActionMask = 2147483647;
			files = (
			);
			runOnlyForDeploymentPostprocessing = 0;
		};
/* End PBXResourcesBuildPhase section */

/* Begin PBXShellScriptBuildPhase section */
		34F3E00A646BBB449BE98C64 /* [CP] Check Pods Manifest.lock */ = {
			isa = PBXShellScriptBuildPhase;
			buildActionMask = 2147483647;
			files = (
			);
			inputPaths = (
			);
			name = "[CP] Check Pods Manifest.lock";
			outputPaths = (
			);
			runOnlyForDeploymentPostprocessing = 0;
			shellPath = /bin/sh;
			shellScript = "diff \"${PODS_ROOT}/../Podfile.lock\" \"${PODS_ROOT}/Manifest.lock\" > /dev/null\nif [ $? != 0 ] ; then\n    # print error to STDERR\n    echo \"error: The sandbox is not in sync with the Podfile.lock. Run 'pod install' or update your CocoaPods installation.\" >&2\n    exit 1\nfi\n";
			showEnvVarsInLog = 0;
		};
		546433F2F3192635C170E767 /* [CP] Embed Pods Frameworks */ = {
			isa = PBXShellScriptBuildPhase;
			buildActionMask = 2147483647;
			files = (
			);
			inputPaths = (
			);
			name = "[CP] Embed Pods Frameworks";
			outputPaths = (
			);
			runOnlyForDeploymentPostprocessing = 0;
			shellPath = /bin/sh;
			shellScript = "\"${SRCROOT}/Pods/Target Support Files/Pods-NoteRecord/Pods-NoteRecord-frameworks.sh\"\n";
			showEnvVarsInLog = 0;
		};
		B09C1F2A2B56F4C987F02729 /* [CP] Copy Pods Resources */ = {
			isa = PBXShellScriptBuildPhase;
			buildActionMask = 2147483647;
			files = (
			);
			inputPaths = (
			);
			name = "[CP] Copy Pods Resources";
			outputPaths = (
			);
			runOnlyForDeploymentPostprocessing = 0;
			shellPath = /bin/sh;
			shellScript = "\"${SRCROOT}/Pods/Target Support Files/Pods-NoteRecordTests/Pods-NoteRecordTests-resources.sh\"\n";
			showEnvVarsInLog = 0;
		};
		B110D7A1413C88227EC2151B /* [CP] Check Pods Manifest.lock */ = {
			isa = PBXShellScriptBuildPhase;
			buildActionMask = 2147483647;
			files = (
			);
			inputPaths = (
			);
			name = "[CP] Check Pods Manifest.lock";
			outputPaths = (
			);
			runOnlyForDeploymentPostprocessing = 0;
			shellPath = /bin/sh;
			shellScript = "diff \"${PODS_ROOT}/../Podfile.lock\" \"${PODS_ROOT}/Manifest.lock\" > /dev/null\nif [ $? != 0 ] ; then\n    # print error to STDERR\n    echo \"error: The sandbox is not in sync with the Podfile.lock. Run 'pod install' or update your CocoaPods installation.\" >&2\n    exit 1\nfi\n";
			showEnvVarsInLog = 0;
		};
		B3B20FC5F49BEC49C16CBC79 /* [CP] Check Pods Manifest.lock */ = {
			isa = PBXShellScriptBuildPhase;
			buildActionMask = 2147483647;
			files = (
			);
			inputPaths = (
			);
			name = "[CP] Check Pods Manifest.lock";
			outputPaths = (
			);
			runOnlyForDeploymentPostprocessing = 0;
			shellPath = /bin/sh;
			shellScript = "diff \"${PODS_ROOT}/../Podfile.lock\" \"${PODS_ROOT}/Manifest.lock\" > /dev/null\nif [ $? != 0 ] ; then\n    # print error to STDERR\n    echo \"error: The sandbox is not in sync with the Podfile.lock. Run 'pod install' or update your CocoaPods installation.\" >&2\n    exit 1\nfi\n";
			showEnvVarsInLog = 0;
		};
		B46A7D1EFC2C2956F9BB0C8A /* [CP] Copy Pods Resources */ = {
			isa = PBXShellScriptBuildPhase;
			buildActionMask = 2147483647;
			files = (
			);
			inputPaths = (
			);
			name = "[CP] Copy Pods Resources";
			outputPaths = (
			);
			runOnlyForDeploymentPostprocessing = 0;
			shellPath = /bin/sh;
			shellScript = "\"${SRCROOT}/Pods/Target Support Files/Pods-NoteRecordUITests/Pods-NoteRecordUITests-resources.sh\"\n";
			showEnvVarsInLog = 0;
		};
		D37B65B29C2DC9E0CBCA30DF /* [CP] Embed Pods Frameworks */ = {
			isa = PBXShellScriptBuildPhase;
			buildActionMask = 2147483647;
			files = (
			);
			inputPaths = (
			);
			name = "[CP] Embed Pods Frameworks";
			outputPaths = (
			);
			runOnlyForDeploymentPostprocessing = 0;
			shellPath = /bin/sh;
			shellScript = "\"${SRCROOT}/Pods/Target Support Files/Pods-NoteRecordTests/Pods-NoteRecordTests-frameworks.sh\"\n";
			showEnvVarsInLog = 0;
		};
		F15F4715AB73EB78A444B5FA /* [CP] Embed Pods Frameworks */ = {
			isa = PBXShellScriptBuildPhase;
			buildActionMask = 2147483647;
			files = (
			);
			inputPaths = (
			);
			name = "[CP] Embed Pods Frameworks";
			outputPaths = (
			);
			runOnlyForDeploymentPostprocessing = 0;
			shellPath = /bin/sh;
			shellScript = "\"${SRCROOT}/Pods/Target Support Files/Pods-NoteRecordUITests/Pods-NoteRecordUITests-frameworks.sh\"\n";
			showEnvVarsInLog = 0;
		};
		F31FAECDB3E867183046331E /* [CP] Copy Pods Resources */ = {
			isa = PBXShellScriptBuildPhase;
			buildActionMask = 2147483647;
			files = (
			);
			inputPaths = (
			);
			name = "[CP] Copy Pods Resources";
			outputPaths = (
			);
			runOnlyForDeploymentPostprocessing = 0;
			shellPath = /bin/sh;
			shellScript = "\"${SRCROOT}/Pods/Target Support Files/Pods-NoteRecord/Pods-NoteRecord-resources.sh\"\n";
			showEnvVarsInLog = 0;
		};
/* End PBXShellScriptBuildPhase section */

/* Begin PBXSourcesBuildPhase section */
		DAE162431CAE42BE00F74739 /* Sources */ = {
			isa = PBXSourcesBuildPhase;
			buildActionMask = 2147483647;
			files = (
				DAC5D2BC1CAE6DC5002D2C86 /* UIView+LZExtension.m in Sources */,
				DAC5D2EF1CAF988D002D2C86 /* NetRequest.m in Sources */,
				DA83EF511CC499A0006ACD98 /* SDWebImageManager.m in Sources */,
				DA83EF521CC499A0006ACD98 /* SDWebImagePrefetcher.m in Sources */,
				DAC5D27D1CAE5CCB002D2C86 /* DeployDelegate.m in Sources */,
				DAC5D2E41CAF8642002D2C86 /* FMDBManager.m in Sources */,
				DA97B6FC1E80D1DB0064032E /* LLSimpleCamera.m in Sources */,
				DA97B6FB1E80D1DB0064032E /* LLSimpleCamera+Helper.m in Sources */,
				DA83EF271CC498DF006ACD98 /* SDWaitingView.m in Sources */,
				DA83EF591CC499A0006ACD98 /* UIView+WebCacheOperation.m in Sources */,
				DA83EF501CC499A0006ACD98 /* SDWebImageDownloaderOperation.m in Sources */,
				DAC5D2791CAE5C53002D2C86 /* LZNavigationController.m in Sources */,
				DA83EF5C1CD1E3C1006ACD98 /* UIImage+Rotation.m in Sources */,
				DA81888F1CC22B3B00A4D94E /* PersonalRecordVC.m in Sources */,
				DAC5D2EA1CAF877E002D2C86 /* UserModel.m in Sources */,
				DAE1624C1CAE42BE00F74739 /* main.m in Sources */,
				DAC5D2B31CAE69F1002D2C86 /* UIView+Screenshot.m in Sources */,
				DA81886F1CBF8A1200A4D94E /* TextViewCell.m in Sources */,
				DAC5D2C91CAEBAA1002D2C86 /* LCNavigationController.m in Sources */,
				DAC5D2E71CAF866F002D2C86 /* RecordModel.m in Sources */,
				DAC5D2CD1CAEC4D2002D2C86 /* LZLoadViewController.m in Sources */,
				DA83EF541CC499A0006ACD98 /* UIImage+GIF.m in Sources */,
				DA83EF191CC49280006ACD98 /* SDWeiXinPhotoContainerView.m in Sources */,
				DA83EF251CC498DF006ACD98 /* SDBrowserImageView.m in Sources */,
				DA83EF261CC498DF006ACD98 /* SDPhotoBrowser.m in Sources */,
				DA83EF581CC499A0006ACD98 /* UIImageView+WebCache.m in Sources */,
				DA81886A1CBF818C00A4D94E /* RecordViewController.m in Sources */,
				DA83EF531CC499A0006ACD98 /* UIButton+WebCache.m in Sources */,
				DA83EF4F1CC499A0006ACD98 /* SDWebImageDownloader.m in Sources */,
				DA83EF561CC499A0006ACD98 /* UIImage+WebP.m in Sources */,
				DA83EF551CC499A0006ACD98 /* UIImage+MultiFormat.m in Sources */,
				DA83EF1C1CC4929F006ACD98 /* RecordCell.m in Sources */,
				DAC5D2B91CAE6A88002D2C86 /* UIImage+ImageEffects.m in Sources */,
				DAC5D2B51CAE69F1002D2C86 /* FancyTabBar.m in Sources */,
				DA83EF4D1CC499A0006ACD98 /* SDWebImageCompat.m in Sources */,
				DA8188651CBF70B800A4D94E /* LZLabel.m in Sources */,
				DA83EF4E1CC499A0006ACD98 /* SDWebImageDecoder.m in Sources */,
				DA83EF4C1CC499A0006ACD98 /* SDImageCache.m in Sources */,
				DA97B6FD1E80D1DB0064032E /* UIImage+FixOrientation.m in Sources */,
				DA83EF4A1CC499A0006ACD98 /* MKAnnotationView+WebCache.m in Sources */,
				DA81888C1CC1E83100A4D94E /* CustomCell.m in Sources */,
				DAC5D2B41CAE69F1002D2C86 /* Coordinate.m in Sources */,
				DAC5D26E1CAE5A5A002D2C86 /* LZAppDelegate.m in Sources */,
				DA97B6F21E80CD850064032E /* LZViewController.m in Sources */,
				DAC5D2C31CAE75A5002D2C86 /* PersonalViewController.m in Sources */,
				DA83EF4B1CC499A0006ACD98 /* NSData+ImageContentType.m in Sources */,
				DA83EF571CC499A0006ACD98 /* UIImageView+HighlightedWebCache.m in Sources */,
				DAC5D2DC1CAECCA1002D2C86 /* registerViewController.m in Sources */,
				DAC5D2F21CAF9D4A002D2C86 /* WeatherModel.m in Sources */,
			);
			runOnlyForDeploymentPostprocessing = 0;
		};
		DAE1625C1CAE42BE00F74739 /* Sources */ = {
			isa = PBXSourcesBuildPhase;
			buildActionMask = 2147483647;
			files = (
				DAE162651CAE42BE00F74739 /* NoteRecordTests.m in Sources */,
			);
			runOnlyForDeploymentPostprocessing = 0;
		};
		DAE162671CAE42BE00F74739 /* Sources */ = {
			isa = PBXSourcesBuildPhase;
			buildActionMask = 2147483647;
			files = (
				DAE162701CAE42BE00F74739 /* NoteRecordUITests.m in Sources */,
			);
			runOnlyForDeploymentPostprocessing = 0;
		};
/* End PBXSourcesBuildPhase section */

/* Begin PBXTargetDependency section */
		DAE162621CAE42BE00F74739 /* PBXTargetDependency */ = {
			isa = PBXTargetDependency;
			target = DAE162461CAE42BE00F74739 /* NoteRecord */;
			targetProxy = DAE162611CAE42BE00F74739 /* PBXContainerItemProxy */;
		};
		DAE1626D1CAE42BE00F74739 /* PBXTargetDependency */ = {
			isa = PBXTargetDependency;
			target = DAE162461CAE42BE00F74739 /* NoteRecord */;
			targetProxy = DAE1626C1CAE42BE00F74739 /* PBXContainerItemProxy */;
		};
/* End PBXTargetDependency section */

/* Begin PBXVariantGroup section */
		DAC5D2691CAE5A5A002D2C86 /* LaunchScreen.storyboard */ = {
			isa = PBXVariantGroup;
			children = (
				DAC5D26A1CAE5A5A002D2C86 /* Base */,
			);
			name = LaunchScreen.storyboard;
			sourceTree = "<group>";
		};
		DAC5D2BD1CAE7374002D2C86 /* Assets.xcassets */ = {
			isa = PBXVariantGroup;
			children = (
				DAC5D2BE1CAE7374002D2C86 /* Base */,
			);
			name = Assets.xcassets;
			sourceTree = "<group>";
		};
/* End PBXVariantGroup section */

/* Begin XCBuildConfiguration section */
		DAE162721CAE42BE00F74739 /* Debug */ = {
			isa = XCBuildConfiguration;
			buildSettings = {
				ALWAYS_SEARCH_USER_PATHS = NO;
				CLANG_ANALYZER_NONNULL = YES;
				CLANG_CXX_LANGUAGE_STANDARD = "gnu++0x";
				CLANG_CXX_LIBRARY = "libc++";
				CLANG_ENABLE_MODULES = YES;
				CLANG_ENABLE_OBJC_ARC = YES;
				CLANG_WARN_BOOL_CONVERSION = YES;
				CLANG_WARN_CONSTANT_CONVERSION = YES;
				CLANG_WARN_DIRECT_OBJC_ISA_USAGE = YES_ERROR;
				CLANG_WARN_EMPTY_BODY = YES;
				CLANG_WARN_ENUM_CONVERSION = YES;
				CLANG_WARN_INT_CONVERSION = YES;
				CLANG_WARN_OBJC_ROOT_CLASS = YES_ERROR;
				CLANG_WARN_UNREACHABLE_CODE = YES;
				CLANG_WARN__DUPLICATE_METHOD_MATCH = YES;
				"CODE_SIGN_IDENTITY[sdk=iphoneos*]" = "iPhone Developer";
				COPY_PHASE_STRIP = NO;
				DEBUG_INFORMATION_FORMAT = dwarf;
				ENABLE_STRICT_OBJC_MSGSEND = YES;
				ENABLE_TESTABILITY = YES;
				GCC_C_LANGUAGE_STANDARD = gnu99;
				GCC_DYNAMIC_NO_PIC = NO;
				GCC_NO_COMMON_BLOCKS = YES;
				GCC_OPTIMIZATION_LEVEL = 0;
				GCC_PREPROCESSOR_DEFINITIONS = (
					"DEBUG=1",
					"$(inherited)",
				);
				GCC_WARN_64_TO_32_BIT_CONVERSION = YES;
				GCC_WARN_ABOUT_RETURN_TYPE = YES_ERROR;
				GCC_WARN_UNDECLARED_SELECTOR = YES;
				GCC_WARN_UNINITIALIZED_AUTOS = YES_AGGRESSIVE;
				GCC_WARN_UNUSED_FUNCTION = YES;
				GCC_WARN_UNUSED_VARIABLE = YES;
				IPHONEOS_DEPLOYMENT_TARGET = 9.3;
				MTL_ENABLE_DEBUG_INFO = YES;
				ONLY_ACTIVE_ARCH = YES;
				SDKROOT = iphoneos;
			};
			name = Debug;
		};
		DAE162731CAE42BE00F74739 /* Release */ = {
			isa = XCBuildConfiguration;
			buildSettings = {
				ALWAYS_SEARCH_USER_PATHS = NO;
				CLANG_ANALYZER_NONNULL = YES;
				CLANG_CXX_LANGUAGE_STANDARD = "gnu++0x";
				CLANG_CXX_LIBRARY = "libc++";
				CLANG_ENABLE_MODULES = YES;
				CLANG_ENABLE_OBJC_ARC = YES;
				CLANG_WARN_BOOL_CONVERSION = YES;
				CLANG_WARN_CONSTANT_CONVERSION = YES;
				CLANG_WARN_DIRECT_OBJC_ISA_USAGE = YES_ERROR;
				CLANG_WARN_EMPTY_BODY = YES;
				CLANG_WARN_ENUM_CONVERSION = YES;
				CLANG_WARN_INT_CONVERSION = YES;
				CLANG_WARN_OBJC_ROOT_CLASS = YES_ERROR;
				CLANG_WARN_UNREACHABLE_CODE = YES;
				CLANG_WARN__DUPLICATE_METHOD_MATCH = YES;
				"CODE_SIGN_IDENTITY[sdk=iphoneos*]" = "iPhone Developer";
				COPY_PHASE_STRIP = NO;
				DEBUG_INFORMATION_FORMAT = "dwarf-with-dsym";
				ENABLE_NS_ASSERTIONS = NO;
				ENABLE_STRICT_OBJC_MSGSEND = YES;
				GCC_C_LANGUAGE_STANDARD = gnu99;
				GCC_NO_COMMON_BLOCKS = YES;
				GCC_WARN_64_TO_32_BIT_CONVERSION = YES;
				GCC_WARN_ABOUT_RETURN_TYPE = YES_ERROR;
				GCC_WARN_UNDECLARED_SELECTOR = YES;
				GCC_WARN_UNINITIALIZED_AUTOS = YES_AGGRESSIVE;
				GCC_WARN_UNUSED_FUNCTION = YES;
				GCC_WARN_UNUSED_VARIABLE = YES;
				IPHONEOS_DEPLOYMENT_TARGET = 9.3;
				MTL_ENABLE_DEBUG_INFO = NO;
				SDKROOT = iphoneos;
				VALIDATE_PRODUCT = YES;
			};
			name = Release;
		};
		DAE162751CAE42BE00F74739 /* Debug */ = {
			isa = XCBuildConfiguration;
			baseConfigurationReference = FAF0BCC13556A85080E486D6 /* Pods-NoteRecord.debug.xcconfig */;
			buildSettings = {
				ASSETCATALOG_COMPILER_APPICON_NAME = AppIcon;
				CODE_SIGN_IDENTITY = "iPhone Developer: Yanqing  Jia (NYAFGD4L8U)";
				"CODE_SIGN_IDENTITY[sdk=iphoneos*]" = "iPhone Developer";
				DEVELOPMENT_TEAM = DZNJ4F4E32;
				GCC_PRECOMPILE_PREFIX_HEADER = YES;
				GCC_PREFIX_HEADER = "$(SRCROOT)/NoteRecord/AppDelegate/PrefixHeader.pch";
				INFOPLIST_FILE = NoteRecord/Info.plist;
				IPHONEOS_DEPLOYMENT_TARGET = 9.3;
				LD_RUNPATH_SEARCH_PATHS = "$(inherited) @executable_path/Frameworks";
				PRODUCT_BUNDLE_IDENTIFIER = "com.LZ-1994.NoteRecord";
				PRODUCT_NAME = "$(TARGET_NAME)";
				PROVISIONING_PROFILE = "";
			};
			name = Debug;
		};
		DAE162761CAE42BE00F74739 /* Release */ = {
			isa = XCBuildConfiguration;
			baseConfigurationReference = E9D2C4A14EA34D37EAB0510C /* Pods-NoteRecord.release.xcconfig */;
			buildSettings = {
				ASSETCATALOG_COMPILER_APPICON_NAME = AppIcon;
				CODE_SIGN_IDENTITY = "iPhone Developer: Yanqing  Jia (NYAFGD4L8U)";
				"CODE_SIGN_IDENTITY[sdk=iphoneos*]" = "iPhone Developer";
				DEVELOPMENT_TEAM = DZNJ4F4E32;
				GCC_PRECOMPILE_PREFIX_HEADER = YES;
				GCC_PREFIX_HEADER = "$(SRCROOT)/NoteRecord/AppDelegate/PrefixHeader.pch";
				INFOPLIST_FILE = NoteRecord/Info.plist;
				IPHONEOS_DEPLOYMENT_TARGET = 9.3;
				LD_RUNPATH_SEARCH_PATHS = "$(inherited) @executable_path/Frameworks";
				PRODUCT_BUNDLE_IDENTIFIER = "com.LZ-1994.NoteRecord";
				PRODUCT_NAME = "$(TARGET_NAME)";
				PROVISIONING_PROFILE = "";
			};
			name = Release;
		};
		DAE162781CAE42BE00F74739 /* Debug */ = {
			isa = XCBuildConfiguration;
			baseConfigurationReference = CDFF6FC5840F3862EC4C6A55 /* Pods-NoteRecordTests.debug.xcconfig */;
			buildSettings = {
				BUNDLE_LOADER = "$(TEST_HOST)";
				INFOPLIST_FILE = NoteRecordTests/Info.plist;
				LD_RUNPATH_SEARCH_PATHS = "$(inherited) @executable_path/Frameworks @loader_path/Frameworks";
				PRODUCT_BUNDLE_IDENTIFIER = "com.tlz-1994.NoteRecordTests";
				PRODUCT_NAME = "$(TARGET_NAME)";
				TEST_HOST = "$(BUILT_PRODUCTS_DIR)/NoteRecord.app/NoteRecord";
			};
			name = Debug;
		};
		DAE162791CAE42BE00F74739 /* Release */ = {
			isa = XCBuildConfiguration;
			baseConfigurationReference = B13B0C62BA26BA84C874075B /* Pods-NoteRecordTests.release.xcconfig */;
			buildSettings = {
				BUNDLE_LOADER = "$(TEST_HOST)";
				INFOPLIST_FILE = NoteRecordTests/Info.plist;
				LD_RUNPATH_SEARCH_PATHS = "$(inherited) @executable_path/Frameworks @loader_path/Frameworks";
				PRODUCT_BUNDLE_IDENTIFIER = "com.tlz-1994.NoteRecordTests";
				PRODUCT_NAME = "$(TARGET_NAME)";
				TEST_HOST = "$(BUILT_PRODUCTS_DIR)/NoteRecord.app/NoteRecord";
			};
			name = Release;
		};
		DAE1627B1CAE42BE00F74739 /* Debug */ = {
			isa = XCBuildConfiguration;
			baseConfigurationReference = CAE880D31BB1940F18E0F3DB /* Pods-NoteRecordUITests.debug.xcconfig */;
			buildSettings = {
				INFOPLIST_FILE = NoteRecordUITests/Info.plist;
				LD_RUNPATH_SEARCH_PATHS = "$(inherited) @executable_path/Frameworks @loader_path/Frameworks";
				PRODUCT_BUNDLE_IDENTIFIER = "com.tlz-1994.NoteRecordUITests";
				PRODUCT_NAME = "$(TARGET_NAME)";
				TEST_TARGET_NAME = NoteRecord;
			};
			name = Debug;
		};
		DAE1627C1CAE42BE00F74739 /* Release */ = {
			isa = XCBuildConfiguration;
			baseConfigurationReference = D72FA9EEF074E982E3A28A2F /* Pods-NoteRecordUITests.release.xcconfig */;
			buildSettings = {
				INFOPLIST_FILE = NoteRecordUITests/Info.plist;
				LD_RUNPATH_SEARCH_PATHS = "$(inherited) @executable_path/Frameworks @loader_path/Frameworks";
				PRODUCT_BUNDLE_IDENTIFIER = "com.tlz-1994.NoteRecordUITests";
				PRODUCT_NAME = "$(TARGET_NAME)";
				TEST_TARGET_NAME = NoteRecord;
			};
			name = Release;
		};
/* End XCBuildConfiguration section */

/* Begin XCConfigurationList section */
		DAE162421CAE42BE00F74739 /* Build configuration list for PBXProject "NoteRecord" */ = {
			isa = XCConfigurationList;
			buildConfigurations = (
				DAE162721CAE42BE00F74739 /* Debug */,
				DAE162731CAE42BE00F74739 /* Release */,
			);
			defaultConfigurationIsVisible = 0;
			defaultConfigurationName = Release;
		};
		DAE162741CAE42BE00F74739 /* Build configuration list for PBXNativeTarget "NoteRecord" */ = {
			isa = XCConfigurationList;
			buildConfigurations = (
				DAE162751CAE42BE00F74739 /* Debug */,
				DAE162761CAE42BE00F74739 /* Release */,
			);
			defaultConfigurationIsVisible = 0;
			defaultConfigurationName = Release;
		};
		DAE162771CAE42BE00F74739 /* Build configuration list for PBXNativeTarget "NoteRecordTests" */ = {
			isa = XCConfigurationList;
			buildConfigurations = (
				DAE162781CAE42BE00F74739 /* Debug */,
				DAE162791CAE42BE00F74739 /* Release */,
			);
			defaultConfigurationIsVisible = 0;
			defaultConfigurationName = Release;
		};
		DAE1627A1CAE42BE00F74739 /* Build configuration list for PBXNativeTarget "NoteRecordUITests" */ = {
			isa = XCConfigurationList;
			buildConfigurations = (
				DAE1627B1CAE42BE00F74739 /* Debug */,
				DAE1627C1CAE42BE00F74739 /* Release */,
			);
			defaultConfigurationIsVisible = 0;
			defaultConfigurationName = Release;
		};
/* End XCConfigurationList section */
	};
	rootObject = DAE1623F1CAE42BE00F74739 /* Project object */;
}
